# Generated by `sw uv lock`. Commit it: keeps each part's UV region fixed across edits.
# Re-run after adding/removing parts. See docs/UV.md.
version: 1
resolution: 1024
padding_px: 8
owners:
  frame_head:
    rect:
    - 0.504415
    - 0.503908
    - 0.857551
    - 0.85716
    geometry: 80b6dda884b0527f
  frame_jamb_left:
    rect:
    - 0.0
    - 0.503908
    - 0.496602
    - 1.0
    geometry: 87a03e7162ceb085
  frame_jamb_right:
    rect:
    - 0.0
    - 0.0
    - 0.496606
    - 0.496096
    geometry: 6fab3e1cc5816220
