# Generated by `sw uv lock`. Commit it: keeps each part's UV region fixed across edits.
# Re-run after adding/removing parts. See docs/UV.md.
version: 1
resolution: 1024
padding_px: 4
owners:
  body_strap*:
    rect:
    - 0.51748
    - 0.85577
    - 0.607735
    - 0.946291
    geometry: a66b841cc8225cb9
  corner_guard*:
    rect:
    - 0.148219
    - 0.85577
    - 0.288116
    - 0.995658
    geometry: 676c72d59143aa42
  floor:
    rect:
    - 0.0
    - 0.0
    - 0.316477
    - 0.316441
    geometry: ef6683a743c788a8
  handle*:
    rect:
    - 0.611641
    - 0.85577
    - 0.683355
    - 0.92739
    geometry: 2c88024cd34eabee
  hasp:
    rect:
    - 0.753261
    - 0.85577
    - 0.801202
    - 0.903703
    geometry: 593e3031ab043a0c
  lid_cap*:
    rect:
    - 0.0
    - 0.704778
    - 0.147122
    - 0.851864
    geometry: 34a55120bc0d27a0
  lid_guard*:
    rect:
    - 0.687261
    - 0.85577
    - 0.749354
    - 0.917946
    geometry: 843ab6e91b2f223c
  lid_plank_low_back:
    rect:
    - 0.18537
    - 0.519788
    - 0.364501
    - 0.69859
    geometry: bcb209a6ebbb85df
  lid_plank_low_front:
    rect:
    - 0.368407
    - 0.519788
    - 0.547538
    - 0.69859
    geometry: 20877db00c63d2f1
  lid_plank_mid_back:
    rect:
    - 0.599296
    - 0.320347
    - 0.781316
    - 0.501976
    geometry: 89aa18d8d0390f68
  lid_plank_mid_front:
    rect:
    - 0.785222
    - 0.320347
    - 0.967242
    - 0.501976
    geometry: 9cfe5ce2633ca916
  lid_plank_top:
    rect:
    - 0.0
    - 0.519788
    - 0.181463
    - 0.700872
    geometry: 509bf124e439a73e
  lid_rim_back:
    rect:
    - 0.708994
    - 0.519788
    - 0.86185
    - 0.672299
    geometry: 0d61c11b97404b2e
  lid_rim_front:
    rect:
    - 0.551445
    - 0.519788
    - 0.705088
    - 0.672968
    geometry: 86acd1ae664c7efa
  lid_strap*:
    rect:
    - 0.292023
    - 0.85577
    - 0.40376
    - 0.96734
    geometry: 28bbe4e28c1d4422
  lock_plate:
    rect:
    - 0.407666
    - 0.85577
    - 0.513573
    - 0.961711
    geometry: 4acd90c06c025a1a
  rim_strap*:
    rect:
    - 0.805108
    - 0.85577
    - 0.844985
    - 0.895687
    geometry: fcf83a1ba83c201c
  wall_front_0_back:
    rect:
    - 0.320383
    - 0.0
    - 0.516241
    - 0.195536
    geometry: a0b0d69ff9a5b2e1
  wall_front_0_front:
    rect:
    - 0.0
    - 0.320347
    - 0.195859
    - 0.515882
    geometry: 0622473c67d7967e
  wall_front_1_back:
    rect:
    - 0.719911
    - 0.0
    - 0.915769
    - 0.195536
    geometry: b8580816aaa6a77f
  wall_front_1_front:
    rect:
    - 0.199765
    - 0.320347
    - 0.395625
    - 0.515882
    geometry: fc09c7e50ed21b17
  wall_front_2_back:
    rect:
    - 0.520147
    - 0.0
    - 0.716005
    - 0.195536
    geometry: d2b674218df58f56
  wall_front_2_front:
    rect:
    - 0.399531
    - 0.320347
    - 0.59539
    - 0.515882
    geometry: e1475c33556efad0
  wall_side_0_left:
    rect:
    - 0.151028
    - 0.704778
    - 0.295341
    - 0.849008
    geometry: 4bec0616093bc955
  wall_side_0_right:
    rect:
    - 0.595685
    - 0.704778
    - 0.739998
    - 0.849008
    geometry: aad9cab3167883ed
  wall_side_1_left:
    rect:
    - 0.299247
    - 0.704778
    - 0.44356
    - 0.849008
    geometry: edd41053c22c642b
  wall_side_1_right:
    rect:
    - 0.743904
    - 0.704778
    - 0.888217
    - 0.849008
    geometry: 3f6cbc97863b7f24
  wall_side_2_left:
    rect:
    - 0.447466
    - 0.704778
    - 0.591779
    - 0.849008
    geometry: e266851e0e06b5f2
  wall_side_2_right:
    rect:
    - 0.0
    - 0.85577
    - 0.144313
    - 1.0
    geometry: 55c6f572bd9f7dcb
