# Generated by `sw uv lock`. Commit it: keeps each part's UV region fixed across edits.
# Re-run after adding/removing parts. See docs/UV.md.
version: 1
resolution: 1024
padding_px: 4
owners:
  body_strap*:
    rect:
    - 0.23558
    - 0.871633
    - 0.322656
    - 0.958426
    geometry: ef861622f72d5122
  corner_guard*:
    rect:
    - 0.720745
    - 0.726118
    - 0.851189
    - 0.856424
    geometry: 63a8f5b8393da9c7
  floor:
    rect:
    - 0.0
    - 0.0
    - 0.298602
    - 0.298602
    geometry: 8ba95e8857cff926
  handle*:
    rect:
    - 0.405668
    - 0.871633
    - 0.478167
    - 0.944016
    geometry: 60a16ffa572fc4a4
  hasp:
    rect:
    - 0.482074
    - 0.871633
    - 0.533415
    - 0.922943
    geometry: b1374b6eb47b0251
  hinge*:
    rect:
    - 0.637636
    - 0.871633
    - 0.679667
    - 0.913618
    geometry: 7b25e31d9b2dae7e
  lid:
    rect:
    - 0.326563
    - 0.871633
    - 0.401762
    - 0.946037
    geometry: 0a9dd9afec694610
  lid_plank_0:
    rect:
    - 0.302508
    - 0.0
    - 0.530393
    - 0.227572
    geometry: d843f5beaee8caf5
  lid_plank_1:
    rect:
    - 0.534299
    - 0.0
    - 0.762184
    - 0.227572
    geometry: 5cfef4430625e17b
  lid_plank_2:
    rect:
    - 0.76609
    - 0.0
    - 0.993975
    - 0.227572
    geometry: 90708bedf1aa4f78
  lid_rail_back:
    rect:
    - 0.413463
    - 0.519656
    - 0.599892
    - 0.705775
    geometry: 9370652d4725848b
  lid_rail_front:
    rect:
    - 0.603798
    - 0.519656
    - 0.787369
    - 0.702897
    geometry: f44bdc4572d37b21
  lid_rail_side_left:
    rect:
    - 0.0
    - 0.871633
    - 0.128272
    - 1.0
    geometry: 6ad9fd5f11884016
  lid_rail_side_right:
    rect:
    - 0.855095
    - 0.726118
    - 0.983367
    - 0.854486
    geometry: ba5f379758bff979
  lid_strap*:
    rect:
    - 0.132178
    - 0.871633
    - 0.231674
    - 0.971608
    geometry: 0ea0772f10b5ede2
  rail_strap*:
    rect:
    - 0.537322
    - 0.871633
    - 0.58776
    - 0.922045
    geometry: 1c16b8d698130ac4
  staple:
    rect:
    - 0.591666
    - 0.871633
    - 0.633729
    - 0.913656
    geometry: d0c5fa3a46ab6de1
  wall_front_0_back:
    rect:
    - 0.0
    - 0.519656
    - 0.202825
    - 0.722212
    geometry: 4ff2e4f0bbad28fa
  wall_front_0_front:
    rect:
    - 0.435038
    - 0.302508
    - 0.64865
    - 0.51575
    geometry: 988d86392c3be4f1
  wall_front_1_back:
    rect:
    - 0.206731
    - 0.519656
    - 0.409556
    - 0.722212
    geometry: fdf38d2d875ed4d6
  wall_front_1_front:
    rect:
    - 0.217519
    - 0.302508
    - 0.431132
    - 0.51575
    geometry: 767f3f20415cb1f3
  wall_front_2_back:
    rect:
    - 0.652557
    - 0.302508
    - 0.855382
    - 0.505064
    geometry: 0b553065d5805f80
  wall_front_2_front:
    rect:
    - 0.0
    - 0.302508
    - 0.213613
    - 0.51575
    geometry: 28a201d86e73a22b
  wall_side_0_left:
    rect:
    - 0.434286
    - 0.726118
    - 0.573609
    - 0.865431
    geometry: 228cba904303f86d
  wall_side_0_right:
    rect:
    - 0.0
    - 0.726118
    - 0.141622
    - 0.867726
    geometry: d56a64d76a85b4cb
  wall_side_1_left:
    rect:
    - 0.577516
    - 0.726118
    - 0.716839
    - 0.865431
    geometry: d52b874d4f9d831a
  wall_side_1_right:
    rect:
    - 0.145528
    - 0.726118
    - 0.28715
    - 0.867726
    geometry: b31ab51320f00287
  wall_side_2_left:
    rect:
    - 0.291056
    - 0.726118
    - 0.43038
    - 0.865431
    geometry: 98446b4c67b8d08c
  wall_side_2_right:
    rect:
    - 0.791275
    - 0.519656
    - 0.932897
    - 0.661264
    geometry: f7c4350a0c114544
