# Generated by `sw uv lock`. Commit it: keeps each part's UV region fixed across edits.
# Re-run after adding/removing parts. See docs/UV.md.
version: 1
resolution: 512
padding_px: 4
owners:
  back_board_batten_left:
    rect:
    - 0.367717
    - 0.693361
    - 0.527854
    - 0.853318
    geometry: cd7883866ecd3cd4
  back_board_batten_right:
    rect:
    - 0.535666
    - 0.693361
    - 0.695803
    - 0.853318
    geometry: 88398b0203bc8697
  back_board_plank_0:
    rect:
    - 0.0
    - 0.0
    - 0.345982
    - 0.345314
    geometry: 4be4ac136470ce9d
  back_board_plank_1:
    rect:
    - 0.353794
    - 0.0
    - 0.699776
    - 0.345314
    geometry: 3ad6af9069bfb5b8
  bracket*:
    rect:
    - 0.682151
    - 0.353126
    - 0.88224
    - 0.553207
    geometry: 1bca96733725ed3a
  hook_0:
    rect:
    - 0.0
    - 0.877107
    - 0.070864
    - 0.94798
    geometry: 811e88a611f5d9ab
  hook_1:
    rect:
    - 0.078677
    - 0.877107
    - 0.149541
    - 0.94798
    geometry: a8dd89184e785469
  hook_2:
    rect:
    - 0.157353
    - 0.877107
    - 0.228217
    - 0.94798
    geometry: f9ff6afabe80eb8c
  shelf_batten_left:
    rect:
    - 0.703616
    - 0.693361
    - 0.8479
    - 0.837672
    geometry: ed649d50292a934f
  shelf_batten_right:
    rect:
    - 0.855713
    - 0.693361
    - 1.0
    - 0.837669
    geometry: 0069b3a395388f98
  shelf_plank_0:
    rect:
    - 0.0
    - 0.353126
    - 0.333263
    - 0.685549
    geometry: edc548e267ae9457
  shelf_plank_1:
    rect:
    - 0.341076
    - 0.353126
    - 0.674339
    - 0.685549
    geometry: 5483c95b9c8adfc0
  strap_l_band:
    rect:
    - 0.0
    - 0.693361
    - 0.176046
    - 0.869294
    geometry: 320a1bb84ac57ecb
  strap_r_band:
    rect:
    - 0.183859
    - 0.693361
    - 0.359905
    - 0.869294
    geometry: 8ffb9cf9142ff3d2
