# Generated by `sw uv lock`. Commit it: keeps each part's UV region fixed across edits.
# Re-run after adding/removing parts. See docs/UV.md.
version: 1
resolution: 512
padding_px: 4
owners:
  hull:
    rect:
    - 0.0
    - 0.0
    - 0.632
    - 0.631788
    geometry: c8e223d99064ea70
  oar*:
    rect:
    - 0.509517
    - 0.6396
    - 0.639623
    - 0.76928
    geometry: 4ab48ddac94a5d0a
  rub_rail:
    rect:
    - 0.0
    - 0.6396
    - 0.360638
    - 1.0
    geometry: da63d513b5a595b2
  thole*:
    rect:
    - 0.866437
    - 0.6396
    - 0.902952
    - 0.676111
    geometry: 37d0506b7d699dd0
  thwart_bow:
    rect:
    - 0.775715
    - 0.6396
    - 0.858624
    - 0.722545
    geometry: 37885474189ce7c5
  thwart_mid:
    rect:
    - 0.647435
    - 0.6396
    - 0.767902
    - 0.759974
    geometry: 3d1881c525b99ef0
  thwart_stern:
    rect:
    - 0.36845
    - 0.6396
    - 0.501705
    - 0.77278
    geometry: e08801ae4ff02e70
