# Generated by `sw uv lock`. Commit it: keeps each part's UV region fixed across edits.
# Re-run after adding/removing parts. See docs/UV.md.
version: 1
resolution: 1024
padding_px: 8
owners:
  footing_course_high:
    rect:
    - 0.0
    - 0.0
    - 0.62521
    - 0.625211
    geometry: 1e18e84998b9c973
  footing_course_low_0:
    rect:
    - 0.633023
    - 0.0
    - 1.0
    - 0.366948
    geometry: 78e0716a66f46810
  footing_course_low_1:
    rect:
    - 0.37479
    - 0.633023
    - 0.741767
    - 0.999971
    geometry: 7454ab4983889db4
  footing_course_low_2:
    rect:
    - 0.0
    - 0.633023
    - 0.366977
    - 0.999971
    geometry: 16ba78bf73a2afed
