# Generated by `sw uv lock`. Commit it: keeps each part's UV region fixed across edits.
# Re-run after adding/removing parts. See docs/UV.md.
version: 1
resolution: 1024
padding_px: 8
owners:
  verge_barge_right:
    rect:
    - 0.696212
    - 0.0
    - 1.0
    - 0.30312
    geometry: 24fff4c00c6543c9
  verge_deck:
    rect:
    - 0.0
    - 0.0
    - 0.688399
    - 0.688383
    geometry: 5adc2df3c8934c39
  verge_fascia_board:
    rect:
    - 0.601793
    - 0.696196
    - 0.712779
    - 0.807214
    geometry: b4253679e5fd942a
  verge_shingles_even:
    rect:
    - 0.0
    - 0.696196
    - 0.29537
    - 0.991575
    geometry: e49f6fae25573974
  verge_shingles_odd:
    rect:
    - 0.303183
    - 0.696196
    - 0.59398
    - 0.986997
    geometry: 377ef33ff8153aea
