# Generated by `sw uv lock`. Commit it: keeps each part's UV region fixed across edits.
# Re-run after adding/removing parts. See docs/UV.md.
version: 1
resolution: 1024
padding_px: 8
owners:
  steps_step_0:
    rect:
    - 0.0
    - 0.0
    - 0.555839
    - 0.555826
    geometry: 043466861799c334
  steps_step_1:
    rect:
    - 0.563651
    - 0.0
    - 1.0
    - 0.436363
    geometry: 45e0bf9898c887a2
