# Generated by `sw uv lock`. Commit it: keeps each part's UV region fixed across edits.
# Re-run after adding/removing parts. See docs/UV.md.
version: 1
resolution: 1024
padding_px: 8
owners:
  baluster_0_left:
    rect:
    - 0.633747
    - 0.799781
    - 0.708933
    - 0.874812
    geometry: e1b5c81c640004e7
  baluster_0_right:
    rect:
    - 0.716746
    - 0.799781
    - 0.791932
    - 0.874812
    geometry: 7be01024bdd2f308
  baluster_1_left:
    rect:
    - 0.248998
    - 0.924969
    - 0.324185
    - 1.0
    geometry: 77cfbd464c58709d
  baluster_1_right:
    rect:
    - 0.664078
    - 0.924969
    - 0.739303
    - 0.999961
    geometry: dbd18448618cb2cb
  baluster_2_left:
    rect:
    - 0.799745
    - 0.799781
    - 0.874932
    - 0.874812
    geometry: db10f1e09c1813d0
  baluster_2_right:
    rect:
    - 0.882744
    - 0.799781
    - 0.957931
    - 0.874812
    geometry: 665b51d1ba5b42cd
  baluster_3_left:
    rect:
    - 0.0
    - 0.924969
    - 0.075187
    - 1.0
    geometry: 336f7c01db4f8bf5
  baluster_3_right:
    rect:
    - 0.581039
    - 0.924969
    - 0.656265
    - 0.999961
    geometry: 898238bb266eb631
  baluster_4_left:
    rect:
    - 0.331997
    - 0.924969
    - 0.407187
    - 0.999997
    geometry: a56d9ed208461c6e
  baluster_4_right:
    rect:
    - 0.498002
    - 0.924969
    - 0.573227
    - 0.999962
    geometry: 34a63bb44d0d4ed0
  baluster_5_left:
    rect:
    - 0.082999
    - 0.924969
    - 0.158186
    - 1.0
    geometry: 8145d90a55bd7c48
  baluster_5_right:
    rect:
    - 0.165999
    - 0.924969
    - 0.241185
    - 1.0
    geometry: 2c4adeab6f0fb2b1
  baluster_6_left:
    rect:
    - 0.550748
    - 0.799781
    - 0.625934
    - 0.874812
    geometry: c8e43cc46ac0fffd
  baluster_6_right:
    rect:
    - 0.414999
    - 0.924969
    - 0.490189
    - 0.999997
    geometry: 9fcc8e4868dfead4
  baluster_top_left:
    rect:
    - 0.374982
    - 0.799781
    - 0.455049
    - 0.879612
    geometry: 61b55101baa589f6
  baluster_top_right:
    rect:
    - 0.462861
    - 0.799781
    - 0.542935
    - 0.879604
    geometry: 7bdcc4697c72c2a2
  handrail_left:
    rect:
    - 0.724057
    - 0.470335
    - 0.888246
    - 0.634923
    geometry: a2fa9173d9062f0f
  handrail_right:
    rect:
    - 0.552056
    - 0.470335
    - 0.716245
    - 0.634923
    geometry: 915f8beb63240af5
  newel_bottom_cap_left:
    rect:
    - 0.803006
    - 0.924969
    - 0.851101
    - 0.973064
    geometry: f39f8dcb8fed0347
  newel_bottom_cap_right:
    rect:
    - 0.914828
    - 0.924969
    - 0.962939
    - 0.973048
    geometry: 011d0bcf880bf7e9
  newel_bottom_left:
    rect:
    - 0.145654
    - 0.654294
    - 0.283496
    - 0.791968
    geometry: a81e32372af26c40
  newel_bottom_right:
    rect:
    - 0.0
    - 0.654294
    - 0.137842
    - 0.791969
    geometry: ca3bee0ddaf7e937
  newel_top_cap_left:
    rect:
    - 0.747116
    - 0.924969
    - 0.795193
    - 0.973082
    geometry: 59fb3db0bd0af277
  newel_top_cap_right:
    rect:
    - 0.858914
    - 0.924969
    - 0.907016
    - 0.973057
    geometry: 27c1e547eb10d259
  newel_top_left:
    rect:
    - 0.784724
    - 0.0
    - 0.988149
    - 0.203031
    geometry: 212a5d4befdd09c3
  newel_top_right:
    rect:
    - 0.573488
    - 0.0
    - 0.776912
    - 0.203032
    geometry: 8421cc3d372d1c63
  riser_0:
    rect:
    - 0.291309
    - 0.654294
    - 0.40849
    - 0.77167
    geometry: 10b6c5ecea4b4690
  riser_1:
    rect:
    - 0.416303
    - 0.654294
    - 0.533484
    - 0.77167
    geometry: 43b7ddaa51336b7e
  riser_2:
    rect:
    - 0.541297
    - 0.654294
    - 0.658479
    - 0.77167
    geometry: 78668b48bb954693
  riser_3:
    rect:
    - 0.666291
    - 0.654294
    - 0.783473
    - 0.77167
    geometry: 97ae381924975049
  riser_4:
    rect:
    - 0.791285
    - 0.654294
    - 0.908467
    - 0.77167
    geometry: 81894c7153ad96f5
  riser_5:
    rect:
    - 0.0
    - 0.799781
    - 0.117182
    - 0.917157
    geometry: 9016e68b2adea134
  riser_6:
    rect:
    - 0.124994
    - 0.799781
    - 0.242176
    - 0.917157
    geometry: a1682f3dff6142ae
  riser_7:
    rect:
    - 0.249988
    - 0.799781
    - 0.36717
    - 0.917157
    geometry: 1618ba363d3e7923
  stringer_left:
    rect:
    - 0.0
    - 0.0
    - 0.278931
    - 0.278563
    geometry: 6670aef7e31f42b0
  stringer_right:
    rect:
    - 0.286744
    - 0.0
    - 0.565675
    - 0.278563
    geometry: 2fa6da3c5826fbbc
  tread_0:
    rect:
    - 0.184019
    - 0.286376
    - 0.360225
    - 0.462523
    geometry: bb8327ac566a5ca2
  tread_1:
    rect:
    - 0.368038
    - 0.286376
    - 0.544244
    - 0.462523
    geometry: 6d8b1b5b38920c51
  tread_2:
    rect:
    - 0.0
    - 0.286376
    - 0.176206
    - 0.462523
    geometry: bafd186cdd3c8418
  tread_3:
    rect:
    - 0.552056
    - 0.286376
    - 0.728263
    - 0.462523
    geometry: c26d7968cc8991ed
  tread_4:
    rect:
    - 0.736075
    - 0.286376
    - 0.912281
    - 0.462523
    geometry: 2765db10a6f186bf
  tread_5:
    rect:
    - 0.0
    - 0.470335
    - 0.176206
    - 0.646482
    geometry: c70401cdd62f4be0
  tread_6:
    rect:
    - 0.184019
    - 0.470335
    - 0.360225
    - 0.646482
    geometry: 72902c7e037c6810
  tread_7:
    rect:
    - 0.368038
    - 0.470335
    - 0.544244
    - 0.646482
    geometry: 3361fbd7db4f5b7c
