# Generated by `sw uv lock`. Commit it: keeps each part's UV region fixed across edits.
# Re-run after adding/removing parts. See docs/UV.md.
version: 1
resolution: 512
padding_px: 4
owners:
  frame_foot_band*:
    rect:
    - 0.462732
    - 0.744328
    - 0.645251
    - 0.926906
    geometry: d4c90817735f5fda
  frame_leg*:
    rect:
    - 0.0
    - 0.410298
    - 0.326217
    - 0.736516
    geometry: ab677a6f44ba7d9d
  frame_long_rail*:
    rect:
    - 0.263581
    - 0.744328
    - 0.45492
    - 0.935749
    geometry: e748fe607754dbbb
  frame_side_rail*:
    rect:
    - 0.653063
    - 0.744328
    - 0.826373
    - 0.917269
    geometry: 023b2874fd153dcf
  seat_batten_left:
    rect:
    - 0.639887
    - 0.410298
    - 0.895655
    - 0.66597
    geometry: 535a71d5215fbf49
  seat_batten_right:
    rect:
    - 0.0
    - 0.744328
    - 0.255768
    - 1.0
    geometry: 0b08e50001e7a545
  seat_plank_0:
    rect:
    - 0.0
    - 0.0
    - 0.402439
    - 0.402486
    geometry: 42372ec843387d7c
  seat_plank_1:
    rect:
    - 0.410252
    - 0.0
    - 0.812691
    - 0.402486
    geometry: 52f7b3dedec39cc7
  strap_band:
    rect:
    - 0.33403
    - 0.410298
    - 0.632075
    - 0.708492
    geometry: d7ba2f702b17b477
