# Generated by `sw uv lock`. Commit it: keeps each part's UV region fixed across edits.
# Re-run after adding/removing parts. See docs/UV.md.
version: 1
resolution: 1024
padding_px: 8
owners:
  wall_brace_l:
    rect:
    - 0.591293
    - 0.729029
    - 0.724736
    - 0.86248
    geometry: f3ec0b2497081d5c
  wall_brace_r:
    rect:
    - 0.449781
    - 0.729029
    - 0.583481
    - 0.862721
    geometry: bfedd28c96df5b19
  wall_head_plate:
    rect:
    - 0.0
    - 0.513963
    - 0.207439
    - 0.721217
    geometry: ee8f74ea7b650625
  wall_head_rail:
    rect:
    - 0.215252
    - 0.513963
    - 0.421337
    - 0.71987
    geometry: 7f81f48c333b5e0f
  wall_infill:
    rect:
    - 0.0
    - 0.0
    - 0.506074
    - 0.506151
    geometry: 400f2e71a599d6d6
  wall_sill_plate:
    rect:
    - 0.429149
    - 0.513963
    - 0.634255
    - 0.719229
    geometry: 974181d2a835cbf8
  wall_sill_rail:
    rect:
    - 0.642067
    - 0.513963
    - 0.846243
    - 0.718314
    geometry: 7cb7ada220800e6d
  wall_stud_0:
    rect:
    - 0.760849
    - 0.0
    - 1.0
    - 0.238961
    geometry: 9c8845e84306f7b9
  wall_stud_1:
    rect:
    - 0.513886
    - 0.0
    - 0.753037
    - 0.238961
    geometry: 8df6bdb2b8dd3d2c
  window_glass:
    rect:
    - 0.732549
    - 0.729029
    - 0.860026
    - 0.856514
    geometry: daf62308c2a61c61
  window_head:
    rect:
    - 0.867839
    - 0.729029
    - 0.984271
    - 0.845425
    geometry: e02e7bcd24366ca8
  window_jamb_left:
    rect:
    - 0.30459
    - 0.729029
    - 0.441969
    - 0.866363
    geometry: cfd2270b121aa6a3
  window_jamb_right:
    rect:
    - 0.158142
    - 0.729029
    - 0.296778
    - 0.867615
    geometry: 9a586b76d3bd759d
  window_mullion_h:
    rect:
    - 0.111564
    - 0.887151
    - 0.189065
    - 0.964585
    geometry: 20663a1ac576a6bf
  window_mullion_v:
    rect:
    - 0.0
    - 0.887151
    - 0.103751
    - 0.990878
    geometry: 4cdef240ad13741f
  window_sill:
    rect:
    - 0.0
    - 0.729029
    - 0.15033
    - 0.879339
    geometry: 921b561d2d21da5b
