# Generated by `sw uv lock`. Commit it: keeps each part's UV region fixed across edits.
# Re-run after adding/removing parts. See docs/UV.md.
version: 1
resolution: 512
padding_px: 4
owners:
  aft_thwart:
    rect:
    - 0.278693
    - 0.626111
    - 0.39916
    - 0.746547
    geometry: dd999d508a4d1e9c
  gunwale:
    rect:
    - 0.625911
    - 0.0
    - 1.0
    - 0.37421
    geometry: 5f93d202e115370b
  hull:
    rect:
    - 0.0
    - 0.0
    - 0.618098
    - 0.618299
    geometry: 4bfb00f038055e51
  mid_thwart:
    rect:
    - 0.406973
    - 0.626111
    - 0.524258
    - 0.743314
    geometry: 10ada2a770e31192
  oar_left:
    rect:
    - 0.139597
    - 0.626111
    - 0.27088
    - 0.756909
    geometry: 97df402ffbe64fce
  oar_right:
    rect:
    - 0.0
    - 0.626111
    - 0.131784
    - 0.757407
    geometry: 74809c71b97f37ed
  oarlock_left:
    rect:
    - 0.581237
    - 0.626111
    - 0.622302
    - 0.667152
    geometry: 54ffdce96bd5cc51
  oarlock_right:
    rect:
    - 0.53207
    - 0.626111
    - 0.573425
    - 0.667385
    geometry: d400a0a92a00e165
