# Generated by `sw uv lock`. Commit it: keeps each part's UV region fixed across edits.
# Re-run after adding/removing parts. See docs/UV.md.
version: 1
resolution: 1024
padding_px: 8
owners:
  window_glass:
    rect:
    - 0.406486
    - 0.0
    - 0.789607
    - 0.383216
    geometry: c3cf3f2ea80537e3
  window_head:
    rect:
    - 0.697247
    - 0.406465
    - 1.0
    - 0.70923
    geometry: d634c83712c207f2
  window_jamb_left:
    rect:
    - 0.0
    - 0.406465
    - 0.340813
    - 0.747236
    geometry: d46f93226b8f6623
  window_jamb_right:
    rect:
    - 0.348625
    - 0.406465
    - 0.689434
    - 0.747232
    geometry: a5d1f9bd9c7528ac
  window_mullion_h:
    rect:
    - 0.226344
    - 0.755048
    - 0.428942
    - 0.957541
    geometry: 0f124770ea37a5d6
  window_mullion_v:
    rect:
    - 0.0
    - 0.755048
    - 0.218531
    - 0.973409
    geometry: 16e5b31fe9334bc8
  window_sill:
    rect:
    - 0.0
    - 0.0
    - 0.398673
    - 0.398652
    geometry: 9f5c8f78a600f85b
