# Generated by `sw uv lock`. Commit it: keeps each part's UV region fixed across edits.
# Re-run after adding/removing parts. See docs/UV.md.
version: 1
resolution: 512
padding_px: 4
owners:
  band_high_band:
    rect:
    - 0.0
    - 0.0
    - 0.337525
    - 0.337494
    geometry: f53bfd2a325c0aae
  band_low_band:
    rect:
    - 0.345338
    - 0.0
    - 0.682863
    - 0.337494
    geometry: 352e8543f7e6d358
  chisel:
    rect:
    - 0.0
    - 0.886454
    - 0.113044
    - 1.0
    geometry: df90f14133e01dab
  floor:
    rect:
    - 0.690676
    - 0.0
    - 0.964558
    - 0.273916
    geometry: 086273dd85b8a227
  hammer_handle:
    rect:
    - 0.808178
    - 0.75162
    - 0.925575
    - 0.869625
    geometry: 829cc73ed5d0f75b
  hammer_head:
    rect:
    - 0.120857
    - 0.886454
    - 0.21661
    - 0.982312
    geometry: 303522d2dd2401e6
  handle*:
    rect:
    - 0.224423
    - 0.886454
    - 0.297739
    - 0.959481
    geometry: 33eeb83a482f47d0
  wall_back_batten_left:
    rect:
    - 0.539296
    - 0.75162
    - 0.665924
    - 0.878248
    geometry: 0204a28367a024aa
  wall_back_batten_right:
    rect:
    - 0.404494
    - 0.75162
    - 0.531483
    - 0.878588
    geometry: c2928a01e451f405
  wall_back_plank_0:
    rect:
    - 0.701314
    - 0.345306
    - 0.927273
    - 0.571073
    geometry: 8f58c57d89c37415
  wall_back_plank_1:
    rect:
    - 0.467543
    - 0.345306
    - 0.693501
    - 0.571073
    geometry: 08be59eac017dd11
  wall_front_batten_left:
    rect:
    - 0.673737
    - 0.75162
    - 0.800365
    - 0.878248
    geometry: 8422ed2b720d67a6
  wall_front_batten_right:
    rect:
    - 0.269693
    - 0.75162
    - 0.396682
    - 0.878588
    geometry: 74681a7ac3baa983
  wall_front_plank_0:
    rect:
    - 0.0
    - 0.345306
    - 0.225959
    - 0.571073
    geometry: 70d501579c1e8171
  wall_front_plank_1:
    rect:
    - 0.233771
    - 0.345306
    - 0.45973
    - 0.571073
    geometry: 365bfa60551a59e4
  wall_left_batten_left:
    rect:
    - 0.134846
    - 0.75162
    - 0.26188
    - 0.878641
    geometry: 5fdd214f46d5d871
  wall_left_batten_right:
    rect:
    - 0.690794
    - 0.578886
    - 0.818563
    - 0.70665
    geometry: 3acd0052574b33e0
  wall_left_plank_0:
    rect:
    - 0.345397
    - 0.578886
    - 0.510283
    - 0.743807
    geometry: d98f88f38588b340
  wall_left_plank_1:
    rect:
    - 0.172698
    - 0.578886
    - 0.337584
    - 0.743807
    geometry: 0fc0a0191c96d2a5
  wall_right_batten_left:
    rect:
    - 0.0
    - 0.75162
    - 0.127034
    - 0.878641
    geometry: ed1361aa45ad191c
  wall_right_batten_right:
    rect:
    - 0.826375
    - 0.578886
    - 0.954144
    - 0.70665
    geometry: aa4e74a0f12746e7
  wall_right_plank_0:
    rect:
    - 0.518095
    - 0.578886
    - 0.682981
    - 0.743807
    geometry: fc76b1e37f219d6a
  wall_right_plank_1:
    rect:
    - 0.0
    - 0.578886
    - 0.164886
    - 0.743807
    geometry: 33cd361a38d21d5b
