# Generated by `sw uv lock`. Commit it: keeps each part's UV region fixed across edits.
# Re-run after adding/removing parts. See docs/UV.md.
version: 1
resolution: 512
padding_px: 4
owners:
  frame_apron*:
    rect:
    - 0.0
    - 0.651615
    - 0.192085
    - 0.842966
    geometry: fcd543cbf9fafccd
  frame_foot_band*:
    rect:
    - 0.243047
    - 0.850779
    - 0.329867
    - 0.937651
    geometry: 4e620580f2ca54ea
  frame_leg*:
    rect:
    - 0.633116
    - 0.335444
    - 0.832312
    - 0.534477
    geometry: fee2bdd433f35601
  frame_side_rail*:
    rect:
    - 0.130733
    - 0.850779
    - 0.235235
    - 0.955049
    geometry: 4108f60d0439bd8e
  hammer_handle:
    rect:
    - 0.33768
    - 0.850779
    - 0.416401
    - 0.929828
    geometry: 4ff56c232866ec2e
  hammer_head:
    rect:
    - 0.424213
    - 0.850779
    - 0.491144
    - 0.917821
    geometry: dc60e568d58360cf
  shelf_batten_left:
    rect:
    - 0.812939
    - 0.651615
    - 0.935859
    - 0.774824
    geometry: 911d4be7b9466947
  shelf_batten_right:
    rect:
    - 0.0
    - 0.850779
    - 0.12292
    - 0.973988
    geometry: 6381e323502e6be4
  shelf_plank_0:
    rect:
    - 0.0
    - 0.335444
    - 0.308745
    - 0.643803
    geometry: b87324e3fa18d877
  shelf_plank_1:
    rect:
    - 0.316558
    - 0.335444
    - 0.625303
    - 0.643803
    geometry: ba527ffbfa08650f
  strap_l_band:
    rect:
    - 0.199898
    - 0.651615
    - 0.353153
    - 0.805037
    geometry: 7331cda1e925ff52
  strap_r_band:
    rect:
    - 0.360965
    - 0.651615
    - 0.51422
    - 0.805037
    geometry: bfdbaf2ec1a3c2f4
  top_batten_left:
    rect:
    - 0.667275
    - 0.651615
    - 0.805126
    - 0.789049
    geometry: 82d008e3b41904c0
  top_batten_right:
    rect:
    - 0.522033
    - 0.651615
    - 0.659463
    - 0.78947
    geometry: 32684ea861ce20c3
  top_plank_0:
    rect:
    - 0.0
    - 0.0
    - 0.328125
    - 0.327631
    geometry: a8b5abeb65054cce
  top_plank_1:
    rect:
    - 0.335937
    - 0.0
    - 0.664062
    - 0.327631
    geometry: 7408a95b87d0f8df
  top_plank_2:
    rect:
    - 0.671875
    - 0.0
    - 1.0
    - 0.327631
    geometry: a44eadb1944c8c4d
