# Generated by `sw uv lock`. Commit it: keeps each part's UV region fixed across edits.
# Re-run after adding/removing parts. See docs/UV.md.
version: 1
resolution: 512
padding_px: 4
owners:
  anvil_base:
    rect:
    - 0.0
    - 0.542582
    - 0.270445
    - 0.812989
    geometry: c5f1ec9422386c3c
  anvil_face:
    rect:
    - 0.542227
    - 0.0
    - 0.8196
    - 0.2774
    geometry: ce67660285ecf4dc
  anvil_waist:
    rect:
    - 0.800049
    - 0.542582
    - 1.0
    - 0.742721
    geometry: 515e4bc5a058f0a8
  hammer_handle:
    rect:
    - 0.410244
    - 0.820802
    - 0.514353
    - 0.925209
    geometry: f55fe5a13d0b805b
  hammer_head:
    rect:
    - 0.522166
    - 0.820802
    - 0.610554
    - 0.909313
    geometry: ca18912f3e41f94d
  heel:
    rect:
    - 0.0
    - 0.820802
    - 0.141193
    - 0.961995
    geometry: 3046413ee2116430
  horn:
    rect:
    - 0.280083
    - 0.820802
    - 0.402431
    - 0.943192
    geometry: 91aa56c2c5f473d3
  root*:
    rect:
    - 0.149006
    - 0.820802
    - 0.272271
    - 0.944059
    geometry: 75b8581f8415ffc9
  stump:
    rect:
    - 0.0
    - 0.0
    - 0.534414
    - 0.534769
    geometry: aac5ff22caa3413a
  stump_band:
    rect:
    - 0.542081
    - 0.542582
    - 0.792237
    - 0.792716
    geometry: e6a42b1f08ec55c4
  stump_top:
    rect:
    - 0.278258
    - 0.542582
    - 0.534269
    - 0.798931
    geometry: 0722271e8d7956c9
