# Generated by `sw uv lock`. Commit it: keeps each part's UV region fixed across edits.
# Re-run after adding/removing parts. See docs/UV.md.
version: 1
resolution: 1024
padding_px: 8
owners:
  axle_nut_0:
    rect:
    - 0.885428
    - 0.805815
    - 0.950554
    - 0.870986
    geometry: aefa2f621192bae0
  axle_nut_1:
    rect:
    - 0.81249
    - 0.805815
    - 0.877616
    - 0.870986
    geometry: a22fbe002f1784be
  base:
    rect:
    - 0.498064
    - 0.0
    - 0.890086
    - 0.392168
    geometry: 2e59362256a3851a
  big_gear:
    rect:
    - 0.0
    - 0.498005
    - 0.299991
    - 0.798003
    geometry: 68e4b23b3f71e903
  boss_left:
    rect:
    - 0.506271
    - 0.805815
    - 0.608763
    - 0.908297
    geometry: db6a179d318cdab8
  boss_right_0:
    rect:
    - 0.616576
    - 0.805815
    - 0.708396
    - 0.897569
    geometry: 4dd750a3d139fe34
  boss_right_1:
    rect:
    - 0.716209
    - 0.805815
    - 0.804677
    - 0.894263
    geometry: 7603dfb4653fbe65
  cover:
    rect:
    - 0.307804
    - 0.498005
    - 0.586284
    - 0.776476
    geometry: cc4fc8bd2bd0e046
  cover_bolt_0_left:
    rect:
    - 0.419431
    - 0.935828
    - 0.46074
    - 0.977132
    geometry: 53170d3d3989f422
  cover_bolt_0_right:
    rect:
    - 0.072093
    - 0.935828
    - 0.11433
    - 0.978081
    geometry: be8c24ef0766c266
  cover_bolt_1_left:
    rect:
    - 0.468552
    - 0.935828
    - 0.505064
    - 0.972195
    geometry: 80781958c4a94bc6
  cover_bolt_1_right:
    rect:
    - 0.512876
    - 0.935828
    - 0.54891
    - 0.971715
    geometry: c5580ef763d9bdfb
  cover_bolt_2_left:
    rect:
    - 0.172193
    - 0.935828
    - 0.2142
    - 0.977846
    geometry: 0053e7609872bc20
  cover_bolt_2_right:
    rect:
    - 0.122143
    - 0.935828
    - 0.16438
    - 0.978081
    geometry: 0840c29f1d47f13d
  filler_plug:
    rect:
    - 0.0
    - 0.935828
    - 0.064281
    - 1.0
    geometry: ab54d3494b396def
  foot_bolt_back_left:
    rect:
    - 0.321188
    - 0.935828
    - 0.362497
    - 0.977132
    geometry: a1aaabb3a4f7e785
  foot_bolt_back_right:
    rect:
    - 0.2716
    - 0.935828
    - 0.313376
    - 0.977609
    geometry: 89653f64dc179c57
  foot_bolt_front_left:
    rect:
    - 0.222012
    - 0.935828
    - 0.263788
    - 0.977609
    geometry: c2f10f43daa08a47
  foot_bolt_front_right:
    rect:
    - 0.37031
    - 0.935828
    - 0.411618
    - 0.977132
    geometry: 420ca68d0b45cd7c
  housing:
    rect:
    - 0.0
    - 0.0
    - 0.490251
    - 0.490193
    geometry: 6bff55e74c599013
  input_shaft:
    rect:
    - 0.813968
    - 0.498005
    - 0.943578
    - 0.627672
    geometry: c560384b152d7845
  pinion:
    rect:
    - 0.594097
    - 0.498005
    - 0.806155
    - 0.710059
    geometry: 8e5501273a9e7bbc
  rib_back_left:
    rect:
    - 0.0
    - 0.805815
    - 0.122163
    - 0.928016
    geometry: 578bc1da67691ca4
  rib_back_right:
    rect:
    - 0.2597
    - 0.805815
    - 0.375173
    - 0.921284
    geometry: 357a635ff3faeadf
  rib_front_left:
    rect:
    - 0.382986
    - 0.805815
    - 0.498458
    - 0.921284
    geometry: 41006feaed79bbfb
  rib_front_right:
    rect:
    - 0.129975
    - 0.805815
    - 0.251888
    - 0.927767
    geometry: 393f87050933f3ac
