# Generated by `sw uv lock`. Commit it: keeps each part's UV region fixed across edits.
# Re-run after adding/removing parts. See docs/UV.md.
version: 1
resolution: 1024
padding_px: 8
owners:
  axle_nut_0:
    rect:
    - 0.718904
    - 0.856387
    - 0.773441
    - 0.910961
    geometry: aefa2f621192bae0
  axle_nut_1:
    rect:
    - 0.781253
    - 0.856387
    - 0.83579
    - 0.910961
    geometry: a22fbe002f1784be
  base:
    rect:
    - 0.538349
    - 0.0
    - 0.987964
    - 0.449781
    geometry: 2e59362256a3851a
  big_gear:
    rect:
    - 0.318112
    - 0.538286
    - 0.569887
    - 0.790066
    geometry: 68e4b23b3f71e903
  boss_left:
    rect:
    - 0.347319
    - 0.856387
    - 0.451622
    - 0.960678
    geometry: db6a179d318cdab8
  boss_right_0:
    rect:
    - 0.554945
    - 0.856387
    - 0.642665
    - 0.944043
    geometry: 4dd750a3d139fe34
  boss_right_1:
    rect:
    - 0.459434
    - 0.856387
    - 0.547132
    - 0.944065
    geometry: 7603dfb4653fbe65
  cover:
    rect:
    - 0.0
    - 0.538286
    - 0.3103
    - 0.848575
    geometry: cc4fc8bd2bd0e046
  cover_bolt_0_left:
    rect:
    - 0.106891
    - 0.972181
    - 0.13471
    - 0.999996
    geometry: 53170d3d3989f422
  cover_bolt_0_right:
    rect:
    - 0.843602
    - 0.856387
    - 0.871414
    - 0.88421
    geometry: be8c24ef0766c266
  cover_bolt_1_left:
    rect:
    - 0.142522
    - 0.972181
    - 0.170395
    - 0.999943
    geometry: 80781958c4a94bc6
  cover_bolt_1_right:
    rect:
    - 0.178208
    - 0.972181
    - 0.206082
    - 0.999941
    geometry: c5580ef763d9bdfb
  cover_bolt_2_left:
    rect:
    - 0.914851
    - 0.856387
    - 0.942665
    - 0.884208
    geometry: 0053e7609872bc20
  cover_bolt_2_right:
    rect:
    - 0.879227
    - 0.856387
    - 0.907039
    - 0.88421
    geometry: 0840c29f1d47f13d
  filler_plug:
    rect:
    - 0.650477
    - 0.856387
    - 0.711091
    - 0.916898
    geometry: ab54d3494b396def
  foot_bolt_back_left:
    rect:
    - 0.035628
    - 0.972181
    - 0.063447
    - 0.999996
    geometry: a1aaabb3a4f7e785
  foot_bolt_back_right:
    rect:
    - 0.950478
    - 0.856387
    - 0.978293
    - 0.884206
    geometry: 89653f64dc179c57
  foot_bolt_front_left:
    rect:
    - 0.0
    - 0.972181
    - 0.027815
    - 1.0
    geometry: c2f10f43daa08a47
  foot_bolt_front_right:
    rect:
    - 0.071259
    - 0.972181
    - 0.099078
    - 0.999996
    geometry: 420ca68d0b45cd7c
  housing:
    rect:
    - 0.0
    - 0.0
    - 0.530537
    - 0.530474
    geometry: 6bff55e74c599013
  input_shaft:
    rect:
    - 0.759792
    - 0.538286
    - 0.879622
    - 0.658168
    geometry: c560384b152d7845
  pinion:
    rect:
    - 0.577699
    - 0.538286
    - 0.75198
    - 0.712563
    geometry: 8e5501273a9e7bbc
  rib_back_left:
    rect:
    - 0.0
    - 0.856387
    - 0.107948
    - 0.964369
    geometry: 578bc1da67691ca4
  rib_back_right:
    rect:
    - 0.115761
    - 0.856387
    - 0.223727
    - 0.96435
    geometry: 357a635ff3faeadf
  rib_front_left:
    rect:
    - 0.23154
    - 0.856387
    - 0.339507
    - 0.96435
    geometry: 41006feaed79bbfb
  rib_front_right:
    rect:
    - 0.887435
    - 0.538286
    - 0.995382
    - 0.646269
    geometry: 393f87050933f3ac
