# Generated by `sw uv lock`. Commit it: keeps each part's UV region fixed across edits.
# Re-run after adding/removing parts. See docs/UV.md.
version: 1
resolution: 1024
padding_px: 8
owners:
  bolt_bottom_left:
    rect:
    - 0.390698
    - 0.726999
    - 0.422631
    - 0.758938
    geometry: 7886e5f6f49fbf30
  bolt_bottom_right:
    rect:
    - 0.430444
    - 0.726999
    - 0.462379
    - 0.758937
    geometry: ccb11db5c97abd6e
  bolt_top_left:
    rect:
    - 0.509939
    - 0.726999
    - 0.541877
    - 0.758934
    geometry: 4ce2517f9c469779
  bolt_top_right:
    rect:
    - 0.470191
    - 0.726999
    - 0.502127
    - 0.758936
    geometry: ee7b445fb22ab356
  handle:
    rect:
    - 0.327606
    - 0.726999
    - 0.382885
    - 0.782217
    geometry: 2dd38c836bb08f94
  hatch:
    rect:
    - 0.726862
    - 0.0
    - 1.0
    - 0.273133
    geometry: 029d73548e7bb972
  panel:
    rect:
    - 0.0
    - 0.0
    - 0.71905
    - 0.719187
    geometry: 378c45a7e4b41bcc
  vent_left:
    rect:
    - 0.0
    - 0.726999
    - 0.155984
    - 0.882996
    geometry: b1d707c00f805844
  vent_right:
    rect:
    - 0.163796
    - 0.726999
    - 0.319794
    - 0.882983
    geometry: 16303397330d5ec9
