# Generated by `sw uv lock`. Commit it: keeps each part's UV region fixed across edits.
# Re-run after adding/removing parts. See docs/UV.md.
version: 1
resolution: 1024
padding_px: 8
owners:
  node_stone_course_high:
    rect:
    - 0.327972
    - 0.679836
    - 0.637291
    - 0.989144
    geometry: 4b8b7f76c7c8683d
  node_stone_course_low:
    rect:
    - 0.0
    - 0.679836
    - 0.32016
    - 1.0
    geometry: faa291cbbc31860b
  node_stone_mortar:
    rect:
    - 0.645103
    - 0.679836
    - 0.850535
    - 0.885436
    geometry: 80a552161423f821
  post_beam:
    rect:
    - 0.0
    - 0.0
    - 0.672784
    - 0.672024
    geometry: 3d367166a27e4ba4
