# Generated by `sw uv lock`. Commit it: keeps each part's UV region fixed across edits.
# Re-run after adding/removing parts. See docs/UV.md.
version: 1
resolution: 512
padding_px: 4
owners:
  frame_foot_band*:
    rect:
    - 0.86971
    - 0.755873
    - 0.970034
    - 0.856247
    geometry: f890c4f3379fe551
  frame_leg*:
    rect:
    - 0.482395
    - 0.0
    - 0.763782
    - 0.280446
    geometry: 8e6c867f642ec070
  frame_long_rail*:
    rect:
    - 0.749173
    - 0.482396
    - 0.938597
    - 0.670719
    geometry: 572922e7ef6d6a5b
  frame_side_rail*:
    rect:
    - 0.7594
    - 0.755873
    - 0.861897
    - 0.858465
    geometry: 73fb0a1ce9b235e9
  spear_head:
    rect:
    - 0.083836
    - 0.923915
    - 0.157563
    - 0.997587
    geometry: e5f42d2fc2c469b6
  spear_shaft:
    rect:
    - 0.548068
    - 0.482396
    - 0.74136
    - 0.677182
    geometry: 893bba51c2bb2b55
  strap_l_band:
    rect:
    - 0.0
    - 0.755873
    - 0.160141
    - 0.916102
    geometry: 8409c81cbcaf60a8
  strap_r_band:
    rect:
    - 0.167953
    - 0.755873
    - 0.328094
    - 0.916102
    geometry: aeb4bae70ab63a3b
  sword_blade:
    rect:
    - 0.335906
    - 0.755873
    - 0.492473
    - 0.913613
    geometry: ef1a19f0122b7dc6
  sword_grip:
    rect:
    - 0.165376
    - 0.923915
    - 0.228524
    - 0.987189
    geometry: 1b4859fa97549033
  sword_guard:
    rect:
    - 0.0
    - 0.923915
    - 0.076023
    - 1.0
    geometry: 3bb8cd97a9bdefdc
  sword_pommel:
    rect:
    - 0.236336
    - 0.923915
    - 0.280776
    - 0.96857
    geometry: f30c3a9922374a69
  top_board:
    rect:
    - 0.0
    - 0.0
    - 0.474582
    - 0.474584
    geometry: 98f34ebc52aefbf2
  tray_batten_left:
    rect:
    - 0.500286
    - 0.755873
    - 0.622027
    - 0.877603
    geometry: 3e95e4cac6dad617
  tray_batten_right:
    rect:
    - 0.62984
    - 0.755873
    - 0.751588
    - 0.877597
    geometry: 6851c3bab30705c6
  tray_plank_0:
    rect:
    - 0.0
    - 0.482396
    - 0.266221
    - 0.748061
    geometry: 637734c290828687
  tray_plank_1:
    rect:
    - 0.274034
    - 0.482396
    - 0.540255
    - 0.748061
    geometry: 22efb006bba67aee
