# Generated by `sw uv lock`. Commit it: keeps each part's UV region fixed across edits.
# Re-run after adding/removing parts. See docs/UV.md.
version: 1
resolution: 1024
padding_px: 8
owners:
  node_stone_course_high:
    rect:
    - 0.337111
    - 0.670733
    - 0.62866
    - 0.962237
    geometry: 3354ee0f6bc9ec16
  node_stone_course_low:
    rect:
    - 0.0
    - 0.670733
    - 0.329299
    - 1.0
    geometry: e23dac2f22730fde
  post_beam:
    rect:
    - 0.0
    - 0.0
    - 0.663681
    - 0.662921
    geometry: f7dc657f78eacc5b
