# Generated by `sw uv lock`. Commit it: keeps each part's UV region fixed across edits.
# Re-run after adding/removing parts. See docs/UV.md.
version: 1
resolution: 1024
padding_px: 8
owners:
  deck_joist_0:
    rect:
    - 0.0
    - 0.731436
    - 0.268629
    - 1.0
    geometry: 14203fbcbd7314d8
  deck_joist_1:
    rect:
    - 0.276441
    - 0.731436
    - 0.544928
    - 0.999858
    geometry: 0a44a7938e7b777c
  deck_plank_0:
    rect:
    - 0.0
    - 0.365718
    - 0.358284
    - 0.723623
    geometry: 8135a625610cd2af
  deck_plank_1:
    rect:
    - 0.0
    - 0.0
    - 0.358284
    - 0.357905
    geometry: e77367398fafe7d5
  deck_plank_2:
    rect:
    - 0.366096
    - 0.365718
    - 0.72438
    - 0.723623
    geometry: b975403d8e22f282
  deck_plank_3:
    rect:
    - 0.366096
    - 0.0
    - 0.72438
    - 0.357905
    geometry: 5fb2c791eb2bd3fc
