# Generated by `sw uv lock`. Commit it: keeps each part's UV region fixed across edits.
# Re-run after adding/removing parts. See docs/UV.md.
version: 1
resolution: 1024
padding_px: 8
owners:
  door_brace:
    rect:
    - 0.764822
    - 0.381996
    - 1.0
    - 0.616699
    geometry: 0ee7d68f47ead571
  door_ledge_0:
    rect:
    - 0.0
    - 0.763992
    - 0.213699
    - 0.977366
    geometry: c4ed1fd20eb65ca9
  door_ledge_1:
    rect:
    - 0.221512
    - 0.763992
    - 0.433107
    - 0.975267
    geometry: b15f78eefa7572b0
  door_plank_0:
    rect:
    - 0.382411
    - 0.381996
    - 0.757009
    - 0.75618
    geometry: af484ce6cada5cfa
  door_plank_1:
    rect:
    - 0.382411
    - 0.0
    - 0.75701
    - 0.374184
    geometry: 81ad561265839301
  door_plank_2:
    rect:
    - 0.0
    - 0.381996
    - 0.374598
    - 0.75618
    geometry: 73d5c12354a94cc1
  door_plank_3:
    rect:
    - 0.0
    - 0.0
    - 0.374599
    - 0.374184
    geometry: 71d4c36ee1c53590
  door_pull:
    rect:
    - 0.741136
    - 0.763992
    - 0.851091
    - 0.87404
    geometry: 4957004123db1e53
  door_strap_0:
    rect:
    - 0.44092
    - 0.763992
    - 0.583215
    - 0.906802
    geometry: 74a36fbfc254d74e
  door_strap_1:
    rect:
    - 0.591028
    - 0.763992
    - 0.733323
    - 0.906802
    geometry: 0e1c0018da6554ba
