# Generated by `sw uv lock`. Commit it: keeps each part's UV region fixed across edits.
# Re-run after adding/removing parts. See docs/UV.md.
version: 1
resolution: 1024
padding_px: 8
owners:
  shutter_batten_left:
    rect:
    - 0.482431
    - 0.481534
    - 0.737312
    - 0.736306
    geometry: 7db587803e7d7270
  shutter_batten_right:
    rect:
    - 0.745125
    - 0.481534
    - 1.0
    - 0.736301
    geometry: 1326ac50ac94d0c5
  shutter_plank_0:
    rect:
    - 0.0
    - 0.0
    - 0.474619
    - 0.473722
    geometry: 2d7e1a670281dc02
  shutter_plank_1:
    rect:
    - 0.0
    - 0.481534
    - 0.474619
    - 0.955256
    geometry: e438849b722aaed3
  shutter_plank_2:
    rect:
    - 0.482431
    - 0.0
    - 0.95705
    - 0.473722
    geometry: 9b5b60a3a62701d9
