# Generated by `sw uv lock`. Commit it: keeps each part's UV region fixed across edits.
# Re-run after adding/removing parts. See docs/UV.md.
version: 1
resolution: 1024
padding_px: 8
owners:
  deck_joist_0:
    rect:
    - 0.66007
    - 0.6771
    - 0.965699
    - 0.982348
    geometry: 431ce59f99c0fe83
  deck_joist_1:
    rect:
    - 0.0
    - 0.0
    - 0.339929
    - 0.33963
    geometry: 4295a2f3590ba0cd
  deck_plank_0:
    rect:
    - 0.0
    - 0.6771
    - 0.322223
    - 0.998945
    geometry: 25f0125123fadc3d
  deck_plank_1:
    rect:
    - 0.660071
    - 0.347443
    - 0.982294
    - 0.669288
    geometry: f32c6fc25e2100fe
  deck_plank_2:
    rect:
    - 0.347742
    - 0.0
    - 0.669965
    - 0.321845
    geometry: 6297cf616371205f
  deck_plank_3:
    rect:
    - 0.677777
    - 0.0
    - 1.0
    - 0.321845
    geometry: 3f19c802ff588161
  deck_plank_4:
    rect:
    - 0.0
    - 0.347443
    - 0.322223
    - 0.669288
    geometry: b4038c2c1742b629
  deck_plank_5:
    rect:
    - 0.330035
    - 0.6771
    - 0.652258
    - 0.998945
    geometry: 8ed3fa8fa2fb8632
  deck_plank_6:
    rect:
    - 0.330035
    - 0.347443
    - 0.652258
    - 0.669288
    geometry: b343fe42e25d2c2d
