# Generated by `sw uv lock`. Commit it: keeps each part's UV region fixed across edits.
# Re-run after adding/removing parts. See docs/UV.md.
version: 1
resolution: 1024
padding_px: 4
owners:
  arm:
    rect:
    - 0.594551
    - 0.558595
    - 0.778683
    - 0.742542
    geometry: 370794a6d658b596
  bolt*:
    rect:
    - 0.929137
    - 0.558595
    - 1.0
    - 0.629868
    geometry: 28022296afca178a
  brace:
    rect:
    - 0.38055
    - 0.558595
    - 0.590645
    - 0.768261
    geometry: 9b91ae8af2ccfe69
  cup:
    rect:
    - 0.559076
    - 0.0
    - 0.969657
    - 0.410714
    geometry: 6117a32cbc950dd1
  scroll:
    rect:
    - 0.78259
    - 0.558595
    - 0.925231
    - 0.70173
    geometry: 565dbe674f74af5c
  torch:
    rect:
    - 0.0
    - 0.0
    - 0.55517
    - 0.554688
    geometry: 52e52793393dfb84
  wall_plate:
    rect:
    - 0.0
    - 0.558595
    - 0.376644
    - 0.935219
    geometry: d491d8441d0fde43
