# Generated by `sw uv lock`. Commit it: keeps each part's UV region fixed across edits.
# Re-run after adding/removing parts. See docs/UV.md.
version: 1
resolution: 512
padding_px: 4
owners:
  arm:
    rect:
    - 0.0
    - 0.47739
    - 0.328967
    - 0.805054
    geometry: 023d51a570fed67f
  board:
    rect:
    - 0.0
    - 0.0
    - 0.469538
    - 0.469578
    geometry: 803f35c335c4a0c5
  bolt*:
    rect:
    - 0.358885
    - 0.812867
    - 0.394555
    - 0.848869
    geometry: 379dbd667b63fc14
  brace:
    rect:
    - 0.0
    - 0.812867
    - 0.188399
    - 1.0
    geometry: 99b7dc7b34a49e17
  emblem*:
    rect:
    - 0.33678
    - 0.47739
    - 0.547974
    - 0.688846
    geometry: 580848d526f4ae86
  frame*:
    rect:
    - 0.47735
    - 0.0
    - 0.909445
    - 0.432036
    geometry: 331928c6c18a78dc
  rings:
    rect:
    - 0.768648
    - 0.47739
    - 0.956735
    - 0.665713
    geometry: 10630ff046fc44ac
  scroll:
    rect:
    - 0.196211
    - 0.812867
    - 0.351073
    - 0.968261
    geometry: f059d0ed039dda47
  wall_plate:
    rect:
    - 0.555786
    - 0.47739
    - 0.760835
    - 0.681707
    geometry: 33588d6f8489b590
