# Generated by `sw uv lock`. Commit it: keeps each part's UV region fixed across edits.
# Re-run after adding/removing parts. See docs/UV.md.
version: 1
resolution: 512
padding_px: 4
owners:
  axle:
    rect:
    - 0.169244
    - 0.821843
    - 0.330183
    - 0.982361
    geometry: 6483bc4bb91cfc2a
  block*:
    rect:
    - 0.337996
    - 0.821843
    - 0.475419
    - 0.959003
    geometry: b728abf8558840a8
  crank:
    rect:
    - 0.0
    - 0.821843
    - 0.161432
    - 0.983181
    geometry: fb751a921a3d4913
  grip:
    rect:
    - 0.614311
    - 0.821843
    - 0.705346
    - 0.912757
    geometry: a768ad8ff5a7f11a
  hub*:
    rect:
    - 0.483231
    - 0.821843
    - 0.606498
    - 0.9453
    geometry: 2e0f286cbd17d838
  leg*:
    rect:
    - 0.31373
    - 0.508791
    - 0.575028
    - 0.769599
    geometry: 754d941794e291c8
  rail*:
    rect:
    - 0.0
    - 0.508791
    - 0.305918
    - 0.814031
    geometry: db0d714ff2480afa
  stretcher*:
    rect:
    - 0.758245
    - 0.508791
    - 0.920561
    - 0.670892
    geometry: 7c09ec4397592821
  tool_rest:
    rect:
    - 0.58284
    - 0.508791
    - 0.750432
    - 0.676373
    geometry: 0a337f0165a48875
  trough:
    rect:
    - 0.508591
    - 0.0
    - 1.0
    - 0.491277
    geometry: 70b6beb86f8518c1
  wheel:
    rect:
    - 0.0
    - 0.0
    - 0.500778
    - 0.500978
    geometry: a4a0597ef351ee8f
