# Generated by `sw uv lock`. Commit it: keeps each part's UV region fixed across edits.
# Re-run after adding/removing parts. See docs/UV.md.
version: 1
resolution: 1024
padding_px: 4
owners:
  armrest_left:
    rect:
    - 0.605207
    - 0.514628
    - 0.771381
    - 0.680499
    geometry: dae77322b38e2700
  armrest_right:
    rect:
    - 0.0
    - 0.764688
    - 0.153325
    - 0.917584
    geometry: 30f5428eb66ef8e3
  back_post_left:
    rect:
    - 0.468728
    - 0.764688
    - 0.619743
    - 0.915521
    geometry: 1c163b65e0a00e31
  back_post_right:
    rect:
    - 0.313798
    - 0.764688
    - 0.464821
    - 0.91553
    geometry: e718571a0eacf3bb
  back_slat_0:
    rect:
    - 0.265384
    - 0.0
    - 0.526861
    - 0.260662
    geometry: c168ecb324aeb846
  back_slat_1:
    rect:
    - 0.530768
    - 0.0
    - 0.792245
    - 0.260662
    geometry: fa52fbff7752fb3d
  back_slat_2:
    rect:
    - 0.0
    - 0.0
    - 0.261478
    - 0.260662
    geometry: be54c335c80a5d3d
  foot_back_left:
    rect:
    - 0.154672
    - 0.92149
    - 0.226001
    - 0.992813
    geometry: 62f91c75d4f1c1be
  foot_back_right:
    rect:
    - 0.922241
    - 0.764688
    - 0.998148
    - 0.840605
    geometry: d1f8d7deeceb536e
  foot_front_left:
    rect:
    - 0.0
    - 0.92149
    - 0.07553
    - 0.997026
    geometry: 4d52ff4de3f6fa8f
  foot_front_right:
    rect:
    - 0.079436
    - 0.92149
    - 0.150766
    - 0.992813
    geometry: 05cd32ebc71b3449
  front_leg_left:
    rect:
    - 0.250977
    - 0.514628
    - 0.424186
    - 0.687448
    geometry: 42b9265d6bf60762
  front_leg_right:
    rect:
    - 0.428092
    - 0.514628
    - 0.601301
    - 0.687447
    geometry: bfae989c4152bd7d
  rear_leg_left:
    rect:
    - 0.774004
    - 0.764688
    - 0.918335
    - 0.90887
    geometry: 785a15a84cc477d5
  rear_leg_right:
    rect:
    - 0.623649
    - 0.764688
    - 0.770098
    - 0.910976
    geometry: 495208979c76391c
  seat_rail_left:
    rect:
    - 0.775288
    - 0.514628
    - 0.929721
    - 0.668862
    geometry: 8f663e5e30240517
  seat_rail_right:
    rect:
    - 0.157232
    - 0.764688
    - 0.309892
    - 0.917155
    geometry: 872fd096248fbb44
  seat_slat_0:
    rect:
    - 0.0
    - 0.514628
    - 0.24707
    - 0.760782
    geometry: 2b58e92ea6b9a3ab
  seat_slat_1:
    rect:
    - 0.501953
    - 0.264568
    - 0.749023
    - 0.510722
    geometry: cd438dd15744bd02
  seat_slat_2:
    rect:
    - 0.250977
    - 0.264568
    - 0.498047
    - 0.510722
    geometry: 184671fbc2363091
  seat_slat_3:
    rect:
    - 0.0
    - 0.264568
    - 0.24707
    - 0.510722
    geometry: 23b50d10cca20923
  seat_slat_4:
    rect:
    - 0.75293
    - 0.264568
    - 1.0
    - 0.510722
    geometry: 3eb859f23603bb3e
