# Generated by `sw uv lock`. Commit it: keeps each part's UV region fixed across edits.
# Re-run after adding/removing parts. See docs/UV.md.
version: 1
resolution: 512
padding_px: 4
owners:
  arm:
    rect:
    - 0.501565
    - 0.0
    - 0.809996
    - 0.306901
    geometry: 35bef64606d55bdf
  bolt*:
    rect:
    - 0.511523
    - 0.799245
    - 0.550403
    - 0.838557
    geometry: 6618be2b8bf7b82e
  brace:
    rect:
    - 0.0
    - 0.799245
    - 0.199103
    - 1.0
    geometry: d69196827270f038
  emblem_left:
    rect:
    - 0.297574
    - 0.501639
    - 0.587315
    - 0.791413
    geometry: 037803e67097e94f
  emblem_right:
    rect:
    - 0.0
    - 0.501639
    - 0.289761
    - 0.791432
    geometry: d39f76ea73c0da89
  eye*:
    rect:
    - 0.448466
    - 0.799245
    - 0.503711
    - 0.855381
    geometry: fe2abfe5d29dfb9e
  ring*:
    rect:
    - 0.337756
    - 0.799245
    - 0.440653
    - 0.901154
    geometry: f339beae69d9d19c
  scroll:
    rect:
    - 0.206915
    - 0.799245
    - 0.329944
    - 0.922919
    geometry: a207b811a08eda44
  sign_board:
    rect:
    - 0.0
    - 0.0
    - 0.493753
    - 0.493827
    geometry: 4548d256b5938d83
  wall_plate:
    rect:
    - 0.595128
    - 0.501639
    - 0.813226
    - 0.718852
    geometry: b0fab456e96942e5
