# Generated by `sw uv lock`. Commit it: keeps each part's UV region fixed across edits.
# Re-run after adding/removing parts. See docs/UV.md.
version: 1
resolution: 2048
padding_px: 8
owners:
  band_fb_0_0_beam:
    rect:
    - 0.517866
    - 0.637289
    - 0.559694
    - 0.679087
    geometry: a706399f98eb10d2
  band_fb_0_1_beam:
    rect:
    - 0.472132
    - 0.637289
    - 0.51396
    - 0.679087
    geometry: d7b1d19e59231cf1
  band_fb_1_0_beam:
    rect:
    - 0.426398
    - 0.637289
    - 0.468226
    - 0.679087
    geometry: ee56069fd87d02a7
  band_fb_1_1_beam:
    rect:
    - 0.380664
    - 0.637289
    - 0.422492
    - 0.679087
    geometry: 151eb787d10e519e
  band_fb_2_0_beam:
    rect:
    - 0.289197
    - 0.637289
    - 0.331024
    - 0.679087
    geometry: 35d730cbf49e14ae
  band_fb_2_1_beam:
    rect:
    - 0.334931
    - 0.637289
    - 0.376758
    - 0.679087
    geometry: 113f831c8315e0c9
  band_side_0_0_beam:
    rect:
    - 0.609361
    - 0.637289
    - 0.650528
    - 0.678435
    geometry: 86a7ffb1c15637bf
  band_side_0_1_beam:
    rect:
    - 0.699508
    - 0.637289
    - 0.740675
    - 0.678435
    geometry: 237409460bf19d02
  band_side_1_0_beam:
    rect:
    - 0.744582
    - 0.637289
    - 0.785749
    - 0.678435
    geometry: e6f68738baded902
  band_side_1_1_beam:
    rect:
    - 0.654435
    - 0.637289
    - 0.695602
    - 0.678435
    geometry: 07bb9e57941f7cf3
  chimney_base:
    rect:
    - 0.662947
    - 0.256165
    - 0.756541
    - 0.34973
    geometry: d05313c93a2ecdc5
  chimney_base_band_0:
    rect:
    - 0.30095
    - 0.685538
    - 0.339871
    - 0.724474
    geometry: 3f2ec5ed92111fbc
  chimney_base_band_1:
    rect:
    - 0.429433
    - 0.685538
    - 0.468355
    - 0.724474
    geometry: 7c7393e5385cc1c1
  chimney_base_band_2:
    rect:
    - 0.386605
    - 0.685538
    - 0.425527
    - 0.724474
    geometry: 7e5aa35cfc7ae600
  chimney_base_band_3:
    rect:
    - 0.343777
    - 0.685538
    - 0.382699
    - 0.724474
    geometry: 40d0e20ecd5b2f0e
  chimney_base_band_4:
    rect:
    - 0.258122
    - 0.685538
    - 0.297043
    - 0.724474
    geometry: 521bed51a3b7f0f0
  chimney_cap:
    rect:
    - 0.081
    - 0.770661
    - 0.116874
    - 0.806542
    geometry: fcf9cdff549265f5
  chimney_course_band_0:
    rect:
    - 0.357266
    - 0.849345
    - 0.388747
    - 0.880819
    geometry: fcc1577448c8c477
  chimney_course_band_1:
    rect:
    - 0.286492
    - 0.849345
    - 0.317973
    - 0.880819
    geometry: 0fb7828ba91bcf9d
  chimney_course_band_2:
    rect:
    - 0.251104
    - 0.849345
    - 0.282586
    - 0.880819
    geometry: 15b4fd89278d2b6a
  chimney_course_band_3:
    rect:
    - 0.321879
    - 0.849345
    - 0.35336
    - 0.880819
    geometry: 63bb480931a582c0
  chimney_pot_0:
    rect:
    - 0.049114
    - 0.979156
    - 0.069475
    - 0.999541
    geometry: 817560d63c4433ac
  chimney_pot_1:
    rect:
    - 0.024807
    - 0.979156
    - 0.045208
    - 0.999581
    geometry: 9f37846207e2ad35
  chimney_stack:
    rect:
    - 0.731025
    - 0.370396
    - 0.808984
    - 0.44837
    geometry: 771e5024ea4a3b01
  chimney_weathering:
    rect:
    - 0.198943
    - 0.770661
    - 0.233745
    - 0.805468
    geometry: 751a449d68faca1c
  deck_0_0_joist_0:
    rect:
    - 0.659938
    - 0.729017
    - 0.696906
    - 0.765913
    geometry: b4a9f8a4d49c9178
  deck_0_0_joist_1:
    rect:
    - 0.782559
    - 0.729017
    - 0.819526
    - 0.765913
    geometry: 18a595df5741025c
  deck_0_0_plank_0:
    rect:
    - 0.697363
    - 0.770661
    - 0.731781
    - 0.804978
    geometry: 8d1454c5132e0bf3
  deck_0_0_plank_1:
    rect:
    - 0.229947
    - 0.811122
    - 0.264366
    - 0.845439
    geometry: 471abfcdc524a6d7
  deck_0_0_plank_2:
    rect:
    - 0.467416
    - 0.770661
    - 0.501834
    - 0.804978
    geometry: 8ed616687afe84e8
  deck_0_0_plank_3:
    rect:
    - 0.344921
    - 0.811122
    - 0.379339
    - 0.845439
    geometry: 4a25c82a893ebe21
  deck_0_0_plank_4:
    rect:
    - 0.191623
    - 0.811122
    - 0.226041
    - 0.845439
    geometry: 9fc7dcecd63807a3
  deck_0_0_plank_5:
    rect:
    - 0.50574
    - 0.770661
    - 0.540158
    - 0.804978
    geometry: e864cf7731adc982
  deck_0_0_plank_6:
    rect:
    - 0.812336
    - 0.770661
    - 0.846755
    - 0.804978
    geometry: dfb9816d348af4fe
  deck_0_1_joist_0:
    rect:
    - 0.905146
    - 0.729017
    - 0.942096
    - 0.765899
    geometry: 48e6db261eb1f60f
  deck_0_1_joist_1:
    rect:
    - 0.823433
    - 0.729017
    - 0.860383
    - 0.765899
    geometry: aac68969d8a4e2df
  deck_0_1_plank_0:
    rect:
    - 0.038325
    - 0.811122
    - 0.072743
    - 0.845439
    geometry: 2c95591cd14b73a5
  deck_0_1_plank_1:
    rect:
    - 0.774012
    - 0.770661
    - 0.80843
    - 0.804978
    geometry: 101632a654ad3f66
  deck_0_1_plank_2:
    rect:
    - 0.620714
    - 0.770661
    - 0.655132
    - 0.804978
    geometry: 73790a13a11670d9
  deck_0_1_plank_3:
    rect:
    - 0.314117
    - 0.770661
    - 0.348536
    - 0.804978
    geometry: 073f0b43bd10b1af
  deck_0_1_plank_4:
    rect:
    - 0.390766
    - 0.770661
    - 0.425185
    - 0.804978
    geometry: 2d3a4c3a5f3f3be2
  deck_0_1_plank_5:
    rect:
    - 0.92731
    - 0.770661
    - 0.961728
    - 0.804978
    geometry: 48baa304403dce63
  deck_0_1_plank_6:
    rect:
    - 0.153298
    - 0.811122
    - 0.187716
    - 0.845439
    geometry: 6e1dca86ab072664
  deck_1_0_joist_0:
    rect:
    - 0.414006
    - 0.729017
    - 0.45128
    - 0.766219
    geometry: 490caee56227dec7
  deck_1_0_joist_1:
    rect:
    - 0.741685
    - 0.729017
    - 0.778653
    - 0.765913
    geometry: 4587a46fe8865ef5
  deck_1_0_plank_0:
    rect:
    - 0.544065
    - 0.770661
    - 0.578483
    - 0.804978
    geometry: 8aa3f258d011a2c0
  deck_1_0_plank_1:
    rect:
    - 0.114974
    - 0.811122
    - 0.149392
    - 0.845439
    geometry: 981c1896b6994e7e
  deck_1_0_plank_2:
    rect:
    - 0.352442
    - 0.770661
    - 0.38686
    - 0.804978
    geometry: 2671581ce35f054d
  deck_1_0_plank_3:
    rect:
    - 0.306596
    - 0.811122
    - 0.341015
    - 0.845439
    geometry: 63fc982de99f2188
  deck_1_0_plank_4:
    rect:
    - 0.076649
    - 0.811122
    - 0.111067
    - 0.845439
    geometry: bdaf2ac36572341d
  deck_1_0_plank_5:
    rect:
    - 0.659038
    - 0.770661
    - 0.693457
    - 0.804978
    geometry: a53adcb6e66bc58c
  deck_1_0_plank_6:
    rect:
    - 0.582389
    - 0.770661
    - 0.616808
    - 0.804978
    geometry: 8275afe6f34299d0
  deck_1_1_joist_0:
    rect:
    - 0.455186
    - 0.729017
    - 0.492459
    - 0.766219
    geometry: 4e63523f016bb981
  deck_1_1_joist_1:
    rect:
    - 0.700812
    - 0.729017
    - 0.737779
    - 0.765913
    geometry: 620b164e7fa5b8c3
  deck_1_1_plank_0:
    rect:
    - 0.0
    - 0.811122
    - 0.034418
    - 0.845439
    geometry: 20d4a4fa4ab03860
  deck_1_1_plank_1:
    rect:
    - 0.735687
    - 0.770661
    - 0.770106
    - 0.804978
    geometry: b4b4ab345e5d9b29
  deck_1_1_plank_2:
    rect:
    - 0.850661
    - 0.770661
    - 0.885079
    - 0.804978
    geometry: 4f903d134235c362
  deck_1_1_plank_3:
    rect:
    - 0.429091
    - 0.770661
    - 0.463509
    - 0.804978
    geometry: da464af6f7cad15d
  deck_1_1_plank_4:
    rect:
    - 0.275793
    - 0.770661
    - 0.310211
    - 0.804978
    geometry: bdab7739dbfcff35
  deck_1_1_plank_5:
    rect:
    - 0.888986
    - 0.770661
    - 0.923404
    - 0.804978
    geometry: 96985ffea1c08145
  deck_1_1_plank_6:
    rect:
    - 0.268272
    - 0.811122
    - 0.30269
    - 0.845439
    geometry: cff5104fc2a93a0b
  deck_2_0_joist_0:
    rect:
    - 0.946003
    - 0.729017
    - 0.982737
    - 0.76568
    geometry: c90e5cf598c04a64
  deck_2_0_joist_1:
    rect:
    - 0.619065
    - 0.729017
    - 0.656032
    - 0.765913
    geometry: ca9130e61105588b
  deck_2_0_plank_0:
    rect:
    - 0.728165
    - 0.811122
    - 0.762583
    - 0.845438
    geometry: d12fc1cd30d0a322
  deck_2_0_plank_1:
    rect:
    - 0.843138
    - 0.811122
    - 0.877557
    - 0.845438
    geometry: 4725615d8e5d6314
  deck_2_0_plank_2:
    rect:
    - 0.383245
    - 0.811122
    - 0.417664
    - 0.845438
    geometry: c1ba1334c604822a
  deck_2_0_plank_3:
    rect:
    - 0.881463
    - 0.811122
    - 0.915881
    - 0.845438
    geometry: 2ee2726e37a6fd33
  deck_2_0_plank_4:
    rect:
    - 0.804814
    - 0.811122
    - 0.839232
    - 0.845438
    geometry: aa2ff3009f87fd31
  deck_2_0_plank_5:
    rect:
    - 0.459894
    - 0.811122
    - 0.494312
    - 0.845438
    geometry: 2c1dc25decbc1cd4
  deck_2_0_plank_6:
    rect:
    - 0.498219
    - 0.811122
    - 0.532637
    - 0.845438
    geometry: 8629fc37ba480422
  deck_2_1_joist_0:
    rect:
    - 0.578164
    - 0.729017
    - 0.615158
    - 0.765941
    geometry: 1b19bd776adb43eb
  deck_2_1_joist_1:
    rect:
    - 0.864289
    - 0.729017
    - 0.90124
    - 0.765899
    geometry: 530b0402b3b805ab
  deck_2_1_plank_0:
    rect:
    - 0.689841
    - 0.811122
    - 0.724259
    - 0.845438
    geometry: 16c93b9242c54b54
  deck_2_1_plank_1:
    rect:
    - 0.651516
    - 0.811122
    - 0.685935
    - 0.845438
    geometry: 156d9ea62c4203d9
  deck_2_1_plank_2:
    rect:
    - 0.574868
    - 0.811122
    - 0.609286
    - 0.845438
    geometry: a8ed6a39e173f71d
  deck_2_1_plank_3:
    rect:
    - 0.613192
    - 0.811122
    - 0.64761
    - 0.845438
    geometry: 022a107eafe52214
  deck_2_1_plank_4:
    rect:
    - 0.536543
    - 0.811122
    - 0.570961
    - 0.845438
    geometry: '5570290455043161'
  deck_2_1_plank_5:
    rect:
    - 0.42157
    - 0.811122
    - 0.455988
    - 0.845438
    geometry: 71375229caae6a64
  deck_2_1_plank_6:
    rect:
    - 0.76649
    - 0.811122
    - 0.800908
    - 0.845438
    geometry: 4a7e07934c52f8dd
  door_brace:
    rect:
    - 0.572345
    - 0.950458
    - 0.59512
    - 0.973156
    geometry: a98c4f8a9e510b0a
  door_frame_head:
    rect:
    - 0.037927
    - 0.849345
    - 0.069742
    - 0.881163
    geometry: 34d56b834abe68ff
  door_frame_jamb_left:
    rect:
    - 0.878791
    - 0.637289
    - 0.919072
    - 0.677504
    geometry: 03643fd338362ef6
  door_frame_jamb_right:
    rect:
    - 0.834603
    - 0.637289
    - 0.874885
    - 0.677505
    geometry: 159db81c75e2a634
  door_ledge_0:
    rect:
    - 0.302326
    - 0.979156
    - 0.320827
    - 0.997672
    geometry: fa5c926f2aad9756
  door_ledge_1:
    rect:
    - 0.324733
    - 0.979156
    - 0.3431
    - 0.997539
    geometry: c5db04dd0d959e0e
  door_plank_0:
    rect:
    - 0.658238
    - 0.849345
    - 0.687175
    - 0.8782
    geometry: ba1e657de4ffb2cb
  door_plank_1:
    rect:
    - 0.625394
    - 0.849345
    - 0.654331
    - 0.8782
    geometry: 6bc3ca05ba73ce5e
  door_plank_2:
    rect:
    - 0.691081
    - 0.849345
    - 0.720019
    - 0.8782
    geometry: 23b9e39de390cf47
  door_plank_3:
    rect:
    - 0.59255
    - 0.849345
    - 0.621488
    - 0.8782
    geometry: 18487c2efc54450d
  door_pull:
    rect:
    - 0.683155
    - 0.979156
    - 0.696778
    - 0.992773
    geometry: c1753a6bd5e2900c
  door_strap_0:
    rect:
    - 0.557364
    - 0.979156
    - 0.574534
    - 0.996326
    geometry: 0ef54aa102b7bb69
  door_strap_1:
    rect:
    - 0.27991
    - 0.979156
    - 0.29842
    - 0.997675
    geometry: 5842bd54b5a296c3
  footing_fb_0_0_course_high:
    rect:
    - 0.582512
    - 0.465629
    - 0.635606
    - 0.518723
    geometry: 0de33170ebe02da5
  footing_fb_0_0_course_low_0:
    rect:
    - 0.639664
    - 0.887187
    - 0.667741
    - 0.915258
    geometry: 39e9930772b661ac
  footing_fb_0_0_course_low_1:
    rect:
    - 0.767596
    - 0.887187
    - 0.795673
    - 0.915258
    geometry: 8a34497825c5b623
  footing_fb_0_0_course_low_2:
    rect:
    - 0.543714
    - 0.887187
    - 0.571791
    - 0.915258
    geometry: 82ed0fe638a39e43
  footing_fb_0_1_course_high:
    rect:
    - 0.753512
    - 0.465629
    - 0.806605
    - 0.518722
    geometry: 611d764a72494e3e
  footing_fb_0_1_course_low_0:
    rect:
    - 0.255866
    - 0.887187
    - 0.283942
    - 0.915258
    geometry: 661cde44a2502999
  footing_fb_0_1_course_low_1:
    rect:
    - 0.917086
    - 0.849345
    - 0.945163
    - 0.877416
    geometry: 152db9976dd47e23
  footing_fb_0_1_course_low_2:
    rect:
    - 0.671647
    - 0.887187
    - 0.699724
    - 0.915258
    geometry: d47a556dfec95976
  footing_fb_1_0_course_high:
    rect:
    - 0.468512
    - 0.465629
    - 0.521606
    - 0.518723
    geometry: 093091f222f211d3
  footing_fb_1_0_course_low_0:
    rect:
    - 0.607681
    - 0.887187
    - 0.635757
    - 0.915258
    geometry: 83f6f4756ecb7b34
  footing_fb_1_0_course_low_1:
    rect:
    - 0.70363
    - 0.887187
    - 0.731707
    - 0.915258
    geometry: ea9f2b36146385a0
  footing_fb_1_0_course_low_2:
    rect:
    - 0.351815
    - 0.887187
    - 0.379892
    - 0.915258
    geometry: d751e4d1215b69f5
  footing_fb_1_1_course_high:
    rect:
    - 0.411512
    - 0.465629
    - 0.464606
    - 0.518723
    geometry: f319e75ab8821e4c
  footing_fb_1_1_course_low_0:
    rect:
    - 0.159916
    - 0.887187
    - 0.187993
    - 0.915258
    geometry: c6f9c31864fb3528
  footing_fb_1_1_course_low_1:
    rect:
    - 0.383798
    - 0.887187
    - 0.411875
    - 0.915258
    geometry: b6be3a8d7c90b7c9
  footing_fb_1_1_course_low_2:
    rect:
    - 0.447765
    - 0.887187
    - 0.475842
    - 0.915258
    geometry: 907dbbcd68d2a094
  footing_fb_2_0_course_high:
    rect:
    - 0.924509
    - 0.465629
    - 0.977602
    - 0.518722
    geometry: e8398c2af825d275
  footing_fb_2_0_course_low_0:
    rect:
    - 0.735613
    - 0.887187
    - 0.76369
    - 0.915258
    geometry: 5d10f1e1dd764e80
  footing_fb_2_0_course_low_1:
    rect:
    - 0.575697
    - 0.887187
    - 0.603774
    - 0.915258
    geometry: 03e5b8c26b8f2ac6
  footing_fb_2_0_course_low_2:
    rect:
    - 0.0
    - 0.887187
    - 0.028077
    - 0.915258
    geometry: e80c3cfee3e7ead1
  footing_fb_2_1_course_high:
    rect:
    - 0.696512
    - 0.465629
    - 0.749606
    - 0.518723
    geometry: bf4a71f6ba6ed2a7
  footing_fb_2_1_course_low_0:
    rect:
    - 0.94907
    - 0.849345
    - 0.977146
    - 0.877416
    geometry: 59ecf470da117153
  footing_fb_2_1_course_low_1:
    rect:
    - 0.415781
    - 0.887187
    - 0.443858
    - 0.915258
    geometry: 0475c33a8216b88b
  footing_fb_2_1_course_low_2:
    rect:
    - 0.09595
    - 0.887187
    - 0.124027
    - 0.915258
    geometry: edd764866db8cc07
  footing_side_0_0_course_high:
    rect:
    - 0.525512
    - 0.465629
    - 0.578606
    - 0.518723
    geometry: 49d7aa8864605cbd
  footing_side_0_0_course_low_0:
    rect:
    - 0.127933
    - 0.887187
    - 0.15601
    - 0.915258
    geometry: 165d56e7d4f88526
  footing_side_0_0_course_low_1:
    rect:
    - 0.319832
    - 0.887187
    - 0.347909
    - 0.915258
    geometry: 631fef2a543b9ab8
  footing_side_0_0_course_low_2:
    rect:
    - 0.223882
    - 0.887187
    - 0.251959
    - 0.915258
    geometry: a712ab4159335b30
  footing_side_0_1_course_high:
    rect:
    - 0.639512
    - 0.465629
    - 0.692606
    - 0.518723
    geometry: a29ec9577dd99698
  footing_side_0_1_course_low_0:
    rect:
    - 0.511731
    - 0.887187
    - 0.539808
    - 0.915258
    geometry: c536508cc8b73014
  footing_side_0_1_course_low_1:
    rect:
    - 0.191899
    - 0.887187
    - 0.219976
    - 0.915258
    geometry: a659dc1e375f4401
  footing_side_0_1_course_low_2:
    rect:
    - 0.063966
    - 0.887187
    - 0.092043
    - 0.915258
    geometry: 7c07cfbd8042cbaf
  footing_side_1_0_course_high:
    rect:
    - 0.810511
    - 0.465629
    - 0.863604
    - 0.518722
    geometry: c4c18ec1f1b202d7
  footing_side_1_0_course_low_0:
    rect:
    - 0.821137
    - 0.849345
    - 0.849214
    - 0.877416
    geometry: 69ad9d4ce564e15c
  footing_side_1_0_course_low_1:
    rect:
    - 0.479748
    - 0.887187
    - 0.507825
    - 0.915258
    geometry: 0d5d3d944d765c6c
  footing_side_1_0_course_low_2:
    rect:
    - 0.85312
    - 0.849345
    - 0.881197
    - 0.877416
    geometry: 9cd16f4674d9a7a1
  footing_side_1_1_course_high:
    rect:
    - 0.86751
    - 0.465629
    - 0.920603
    - 0.518722
    geometry: 837e089eb06ab999
  footing_side_1_1_course_low_0:
    rect:
    - 0.287849
    - 0.887187
    - 0.315926
    - 0.915258
    geometry: 640ec06bc575ddab
  footing_side_1_1_course_low_1:
    rect:
    - 0.031983
    - 0.887187
    - 0.06006
    - 0.915258
    geometry: b60f6e102878770b
  footing_side_1_1_course_low_2:
    rect:
    - 0.885103
    - 0.849345
    - 0.91318
    - 0.877416
    geometry: abee3053c5813ec2
  gable_0_infill:
    rect:
    - 0.0
    - 0.0
    - 0.136279
    - 0.136307
    geometry: 6519bd76bcd7731d
  gable_0_king_post:
    rect:
    - 0.813452
    - 0.685538
    - 0.851938
    - 0.723988
    geometry: bffdc1afe7154be0
  gable_0_rake_l:
    rect:
    - 0.053169
    - 0.584002
    - 0.101585
    - 0.632523
    geometry: bbb85cf997810a05
  gable_0_rake_r:
    rect:
    - 0.262831
    - 0.584002
    - 0.310574
    - 0.631644
    geometry: 8c32fd106985829c
  gable_0_strut_l:
    rect:
    - 0.756552
    - 0.849345
    - 0.785273
    - 0.878083
    geometry: 57e087262c3cc701
  gable_0_strut_r:
    rect:
    - 0.789179
    - 0.849345
    - 0.81723
    - 0.877418
    geometry: 2733decb6995b979
  gable_0_tie:
    rect:
    - 0.0
    - 0.465629
    - 0.057835
    - 0.523343
    geometry: 76817f3140c0531a
  gable_1_infill:
    rect:
    - 0.140185
    - 0.0
    - 0.276464
    - 0.136307
    geometry: ba5e6a7211c9c6c1
  gable_1_king_post:
    rect:
    - 0.771059
    - 0.685538
    - 0.809546
    - 0.723988
    geometry: 88e9711b78249a1a
  gable_1_rake_l:
    rect:
    - 0.105491
    - 0.584002
    - 0.153908
    - 0.632523
    geometry: 92004a15a5ce0cd2
  gable_1_rake_r:
    rect:
    - 0.365778
    - 0.584002
    - 0.413252
    - 0.631375
    geometry: 7a79999840be16b7
  gable_1_strut_l:
    rect:
    - 0.723925
    - 0.849345
    - 0.752646
    - 0.878083
    geometry: da25d460140b96fc
  gable_1_strut_r:
    rect:
    - 0.559308
    - 0.849345
    - 0.588644
    - 0.878691
    geometry: 361c3a6745df8138
  gable_1_tie:
    rect:
    - 0.884902
    - 0.370396
    - 0.942736
    - 0.42811
    geometry: 8ba1437814601e43
  node_stone_0_0_course_high:
    rect:
    - 0.062576
    - 0.919164
    - 0.089958
    - 0.946551
    geometry: 706b443b279ab339
  node_stone_0_0_course_low:
    rect:
    - 0.277667
    - 0.919164
    - 0.303647
    - 0.945097
    geometry: db4f0fef90931716
  node_stone_0_1_course_high:
    rect:
    - 0.893444
    - 0.887187
    - 0.920826
    - 0.914574
    geometry: 7b5da430d3cbac3e
  node_stone_0_1_course_low:
    rect:
    - 0.546645
    - 0.919164
    - 0.572625
    - 0.945097
    geometry: 1f3345c6df11eedb
  node_stone_1_0_course_high:
    rect:
    - 0.862156
    - 0.887187
    - 0.889538
    - 0.914574
    geometry: 977108b5f9acbc32
  node_stone_1_0_course_low:
    rect:
    - 0.367326
    - 0.919164
    - 0.393307
    - 0.945097
    geometry: 84b2e9387019f114
  node_stone_1_1_course_high:
    rect:
    - 0.031288
    - 0.919164
    - 0.05867
    - 0.946551
    geometry: edce8424fb78f2c0
  node_stone_1_1_course_low:
    rect:
    - 0.427099
    - 0.919164
    - 0.45308
    - 0.945097
    geometry: c94e273c28baa5cf
  node_stone_2_0_course_high:
    rect:
    - 0.79958
    - 0.887187
    - 0.826962
    - 0.914574
    geometry: 48ec9edf08f12662
  node_stone_2_0_course_low:
    rect:
    - 0.397213
    - 0.919164
    - 0.423193
    - 0.945097
    geometry: 696ac2cc70c50a1d
  node_stone_2_1_course_high:
    rect:
    - 0.924733
    - 0.887187
    - 0.952115
    - 0.914574
    geometry: 0622849e607bc2cb
  node_stone_2_1_course_low:
    rect:
    - 0.33744
    - 0.919164
    - 0.36342
    - 0.945097
    geometry: c746d5a9b52a6a0a
  node_stone_3_0_course_high:
    rect:
    - 0.956021
    - 0.887187
    - 0.983403
    - 0.914574
    geometry: 9ff4a6db7d5e643a
  node_stone_3_0_course_low:
    rect:
    - 0.307553
    - 0.919164
    - 0.333534
    - 0.945097
    geometry: a94e32bee9f52485
  node_stone_3_1_course_high:
    rect:
    - 0.830868
    - 0.887187
    - 0.85825
    - 0.914574
    geometry: 996c7d4a77cf122e
  node_stone_3_1_course_low:
    rect:
    - 0.456986
    - 0.919164
    - 0.482966
    - 0.945097
    geometry: 077a0e39fabfbf79
  node_stone_side_0_course_high:
    rect:
    - 0.0
    - 0.919164
    - 0.027382
    - 0.946551
    geometry: 4241c1721f0bfe11
  node_stone_side_0_course_low:
    rect:
    - 0.486872
    - 0.919164
    - 0.512852
    - 0.945097
    geometry: 11fb93e2e51dc542
  node_stone_side_1_course_high:
    rect:
    - 0.093865
    - 0.919164
    - 0.121247
    - 0.946551
    geometry: a8370f079ced9923
  node_stone_side_1_course_low:
    rect:
    - 0.516759
    - 0.919164
    - 0.542739
    - 0.945097
    geometry: ba937d693baa5ab5
  post_fb_0_0_beam:
    rect:
    - 0.056819
    - 0.527249
    - 0.109731
    - 0.580096
    geometry: 588c6130d58635e8
  post_fb_0_1_beam:
    rect:
    - 0.170456
    - 0.527249
    - 0.223368
    - 0.580096
    geometry: 1ee1a3dc288a73e1
  post_fb_1_0_beam:
    rect:
    - 0.340911
    - 0.527249
    - 0.393823
    - 0.580096
    geometry: 94618e7e35fc20b7
  post_fb_1_1_beam:
    rect:
    - 0.39773
    - 0.527249
    - 0.450642
    - 0.580096
    geometry: 4088f3ed358fef41
  post_fb_2_0_beam:
    rect:
    - 0.113637
    - 0.527249
    - 0.166549
    - 0.580096
    geometry: 1e708538a9a4395d
  post_fb_2_1_beam:
    rect:
    - 0.284093
    - 0.527249
    - 0.337005
    - 0.580096
    geometry: f05422a7ba6e9158
  post_fb_3_0_beam:
    rect:
    - 0.0
    - 0.527249
    - 0.052912
    - 0.580096
    geometry: 150907ba71708072
  post_fb_3_1_beam:
    rect:
    - 0.227274
    - 0.527249
    - 0.280186
    - 0.580096
    geometry: 41caa77d9f8dfa2b
  post_side_0_beam:
    rect:
    - 0.511367
    - 0.527249
    - 0.564279
    - 0.580096
    geometry: 0f7e83f3d6040774
  post_side_1_beam:
    rect:
    - 0.454548
    - 0.527249
    - 0.50746
    - 0.580096
    geometry: feb50f5515be73dc
  ridge_collar_0:
    rect:
    - 0.641287
    - 0.979156
    - 0.658315
    - 0.996238
    geometry: 38cbf6c5ca6d3313
  ridge_collar_1:
    rect:
    - 0.57844
    - 0.979156
    - 0.595483
    - 0.996253
    geometry: d3c02c50855e068d
  ridge_collar_2:
    rect:
    - 0.515294
    - 0.979156
    - 0.532422
    - 0.996339
    geometry: a2fff40efa6d0c48
  ridge_collar_3:
    rect:
    - 0.536329
    - 0.979156
    - 0.553458
    - 0.996339
    geometry: f3a21c28647c24cf
  ridge_collar_4:
    rect:
    - 0.620338
    - 0.979156
    - 0.637381
    - 0.996253
    geometry: 45ac7edc1a83ec55
  ridge_collar_5:
    rect:
    - 0.662221
    - 0.979156
    - 0.679249
    - 0.996238
    geometry: e7847c5eb9300c1a
  ridge_collar_6:
    rect:
    - 0.599389
    - 0.979156
    - 0.616432
    - 0.996253
    geometry: ee477a6bf21d18f5
  ridge_roll:
    rect:
    - 0.812891
    - 0.370396
    - 0.880995
    - 0.438272
    geometry: 409b15d0ff4ead84
  roof_back_0_deck:
    rect:
    - 0.396998
    - 0.0
    - 0.509719
    - 0.112719
    geometry: ddba410b8c00fe78
  roof_back_0_fascia_board:
    rect:
    - 0.12078
    - 0.770661
    - 0.156113
    - 0.805902
    geometry: 319d817183430d17
  roof_back_0_rafter_tail_0:
    rect:
    - 0.143444
    - 0.950458
    - 0.168144
    - 0.975147
    geometry: cd7c6366e6551729
  roof_back_0_rafter_tail_1:
    rect:
    - 0.257868
    - 0.950458
    - 0.282567
    - 0.975146
    geometry: b3b8f9cd39875f74
  roof_back_0_rafter_tail_2:
    rect:
    - 0.662896
    - 0.919164
    - 0.687749
    - 0.944027
    geometry: 987d07a09b1a6576
  roof_back_0_rafter_tail_3:
    rect:
    - 0.691655
    - 0.919164
    - 0.716508
    - 0.944027
    geometry: 3692e685b0d71e70
  roof_back_0_shingles_even:
    rect:
    - 0.0
    - 0.256165
    - 0.110325
    - 0.36649
    geometry: 7bafd178e3e2e3be
  roof_back_0_shingles_odd:
    rect:
    - 0.0
    - 0.140213
    - 0.112045
    - 0.252259
    geometry: 0a0a0d3f040cc0cf
  roof_back_1_deck:
    rect:
    - 0.746881
    - 0.0
    - 0.859602
    - 0.112719
    geometry: 8dce153e18ba21bc
  roof_back_1_fascia_board:
    rect:
    - 0.237651
    - 0.770661
    - 0.271887
    - 0.804984
    geometry: 2d86ffba69ddf5df
  roof_back_1_rafter_tail_0:
    rect:
    - 0.286474
    - 0.950458
    - 0.311173
    - 0.975146
    geometry: fb48ab6aaa84281d
  roof_back_1_rafter_tail_1:
    rect:
    - 0.372291
    - 0.950458
    - 0.396991
    - 0.975146
    geometry: 083d9d3398a12629
  roof_back_1_rafter_tail_2:
    rect:
    - 0.343685
    - 0.950458
    - 0.368385
    - 0.975146
    geometry: 0f6f635007f206f9
  roof_back_1_rafter_tail_3:
    rect:
    - 0.17205
    - 0.950458
    - 0.19675
    - 0.975146
    geometry: 5f57cc24d458239a
  roof_back_1_shingles_even:
    rect:
    - 0.807802
    - 0.140213
    - 0.918127
    - 0.250538
    geometry: 1f41a2d8f7e9ff37
  roof_back_1_shingles_odd:
    rect:
    - 0.115951
    - 0.140213
    - 0.227997
    - 0.252259
    geometry: 5bf9c9ef93ac21bc
  roof_back_2_deck:
    rect:
    - 0.630253
    - 0.0
    - 0.742975
    - 0.112719
    geometry: 9aaae906f491672c
  roof_back_2_fascia_board:
    rect:
    - 0.957746
    - 0.811122
    - 0.991798
    - 0.845088
    geometry: b1e7d4826d0e4816
  roof_back_2_rafter_tail_0:
    rect:
    - 0.749173
    - 0.919164
    - 0.774026
    - 0.944027
    geometry: faece5cc81339f84
  roof_back_2_rafter_tail_1:
    rect:
    - 0.720414
    - 0.919164
    - 0.745267
    - 0.944027
    geometry: 41d6a5ee1bcaf2d2
  roof_back_2_rafter_tail_2:
    rect:
    - 0.458109
    - 0.950458
    - 0.482809
    - 0.975146
    geometry: 3c5d231f6a741bf1
  roof_back_2_rafter_tail_3:
    rect:
    - 0.605377
    - 0.919164
    - 0.63023
    - 0.944029
    geometry: 5f2c02664d1ed53e
  roof_back_2_shingles_even:
    rect:
    - 0.693571
    - 0.140213
    - 0.803895
    - 0.250538
    geometry: af1a9bd5b399fc16
  roof_back_2_shingles_odd:
    rect:
    - 0.231903
    - 0.140213
    - 0.343948
    - 0.252259
    geometry: 41d788d88a7ff8e8
  roof_front_0_deck:
    rect:
    - 0.863509
    - 0.0
    - 0.97623
    - 0.112719
    geometry: 534d45a0b2d3866f
  roof_front_0_fascia_board:
    rect:
    - 0.16002
    - 0.770661
    - 0.195037
    - 0.805553
    geometry: a50fd19db0e8b126
  roof_front_0_rafter_tail_0:
    rect:
    - 0.576532
    - 0.919164
    - 0.60147
    - 0.944112
    geometry: 6cfd54a86f5b6f26
  roof_front_0_rafter_tail_1:
    rect:
    - 0.777932
    - 0.919164
    - 0.802785
    - 0.944027
    geometry: ae7b16001e703f25
  roof_front_0_rafter_tail_2:
    rect:
    - 0.486715
    - 0.950458
    - 0.511415
    - 0.975146
    geometry: 5088f4571f1f4210
  roof_front_0_rafter_tail_3:
    rect:
    - 0.634137
    - 0.919164
    - 0.65899
    - 0.944029
    geometry: 15b8ebb8af0add74
  roof_front_0_shingles_even:
    rect:
    - 0.114231
    - 0.256165
    - 0.224552
    - 0.366483
    geometry: a48178dc26b7c16d
  roof_front_0_shingles_odd:
    rect:
    - 0.578332
    - 0.140213
    - 0.689664
    - 0.251546
    geometry: c9d87b28688a089d
  roof_front_1_deck:
    rect:
    - 0.28037
    - 0.0
    - 0.393092
    - 0.112719
    geometry: 6b663ea77059024a
  roof_front_1_fascia_board:
    rect:
    - 0.919787
    - 0.811122
    - 0.953839
    - 0.845088
    geometry: 5436fcd787720e0f
  roof_front_1_rafter_tail_0:
    rect:
    - 0.200656
    - 0.950458
    - 0.225356
    - 0.975146
    geometry: ed0bf422ec2cbf6d
  roof_front_1_rafter_tail_1:
    rect:
    - 0.31508
    - 0.950458
    - 0.339779
    - 0.975146
    geometry: cf71442e7d0d73ba
  roof_front_1_rafter_tail_2:
    rect:
    - 0.429503
    - 0.950458
    - 0.454203
    - 0.975146
    geometry: 48f1552aa2d6def0
  roof_front_1_rafter_tail_3:
    rect:
    - 0.229262
    - 0.950458
    - 0.253961
    - 0.975146
    geometry: 5509637f751920a1
  roof_front_1_shingles_even:
    rect:
    - 0.228458
    - 0.256165
    - 0.338779
    - 0.366483
    geometry: 6de4e861882a6167
  roof_front_1_shingles_odd:
    rect:
    - 0.463093
    - 0.140213
    - 0.574426
    - 0.251546
    geometry: 3ccc0080b272b500
  roof_front_2_deck:
    rect:
    - 0.513626
    - 0.0
    - 0.626347
    - 0.112719
    geometry: 5d8212570487a096
  roof_front_2_fascia_board:
    rect:
    - 0.0
    - 0.849345
    - 0.03402
    - 0.883281
    geometry: 634b49946a816a5b
  roof_front_2_rafter_tail_0:
    rect:
    - 0.114838
    - 0.950458
    - 0.139538
    - 0.975147
    geometry: 97947ed6335f13c0
  roof_front_2_rafter_tail_1:
    rect:
    - 0.400897
    - 0.950458
    - 0.425597
    - 0.975146
    geometry: 46e059d865263175
  roof_front_2_rafter_tail_2:
    rect:
    - 0.543833
    - 0.950458
    - 0.568439
    - 0.975072
    geometry: c2e28c1b07d88b4e
  roof_front_2_rafter_tail_3:
    rect:
    - 0.515321
    - 0.950458
    - 0.539927
    - 0.975072
    geometry: 6a42b92cce89dbe9
  roof_front_2_shingles_even:
    rect:
    - 0.342685
    - 0.256165
    - 0.453006
    - 0.366483
    geometry: c9816c097f768c0e
  roof_front_2_shingles_odd:
    rect:
    - 0.347854
    - 0.140213
    - 0.459187
    - 0.251546
    geometry: 6656f70a8c2f9145
  shutters_front_0_0_batten_left:
    rect:
    - 0.452186
    - 0.979156
    - 0.469316
    - 0.996375
    geometry: 86218a3b3e3a950f
  shutters_front_0_0_batten_right:
    rect:
    - 0.368042
    - 0.979156
    - 0.385172
    - 0.996375
    geometry: a8163513c27f80df
  shutters_front_0_0_plank_0:
    rect:
    - 0.823708
    - 0.950458
    - 0.844609
    - 0.971302
    geometry: 66d6ae6e4d311cd7
  shutters_front_0_0_plank_1:
    rect:
    - 0.873322
    - 0.950458
    - 0.894223
    - 0.971302
    geometry: ad011ccd4d33df24
  shutters_front_0_0_plank_2:
    rect:
    - 0.898129
    - 0.950458
    - 0.91903
    - 0.971302
    geometry: 65e3f7aeba039914
  shutters_front_0_1_batten_left:
    rect:
    - 0.431151
    - 0.979156
    - 0.44828
    - 0.996375
    geometry: 50d1a358549ef3b7
  shutters_front_0_1_batten_right:
    rect:
    - 0.347006
    - 0.979156
    - 0.364136
    - 0.996375
    geometry: 88309700b0516f7d
  shutters_front_0_1_plank_0:
    rect:
    - 0.72448
    - 0.950458
    - 0.745381
    - 0.971302
    geometry: 186bee64d246cb87
  shutters_front_0_1_plank_1:
    rect:
    - 0.0
    - 0.979156
    - 0.020901
    - 1.0
    geometry: 02af4bc2bbccaf33
  shutters_front_0_1_plank_2:
    rect:
    - 0.848515
    - 0.950458
    - 0.869416
    - 0.971302
    geometry: caaaa0e5ee77c80d
  shutters_front_1_0_batten_left:
    rect:
    - 0.494258
    - 0.979156
    - 0.511387
    - 0.996375
    geometry: 5f6972a329a756b0
  shutters_front_1_0_batten_right:
    rect:
    - 0.410115
    - 0.979156
    - 0.427244
    - 0.996375
    geometry: 2f4c2218f976dcad
  shutters_front_1_0_plank_0:
    rect:
    - 0.798901
    - 0.950458
    - 0.819802
    - 0.971302
    geometry: fe71ba67aea9cb83
  shutters_front_1_0_plank_1:
    rect:
    - 0.749287
    - 0.950458
    - 0.770188
    - 0.971302
    geometry: 251641f8ad4e0f55
  shutters_front_1_0_plank_2:
    rect:
    - 0.774094
    - 0.950458
    - 0.794995
    - 0.971302
    geometry: 1cea07d5ce5c70a5
  shutters_front_1_1_batten_left:
    rect:
    - 0.473222
    - 0.979156
    - 0.490352
    - 0.996375
    geometry: fdad2d45fecdc5e0
  shutters_front_1_1_batten_right:
    rect:
    - 0.389078
    - 0.979156
    - 0.406208
    - 0.996375
    geometry: 1bb649e1d44828ea
  shutters_front_1_1_plank_0:
    rect:
    - 0.947743
    - 0.950458
    - 0.968644
    - 0.971302
    geometry: a83a63cab1cf794d
  shutters_front_1_1_plank_1:
    rect:
    - 0.922936
    - 0.950458
    - 0.943837
    - 0.971302
    geometry: d5496c417172d196
  shutters_front_1_1_plank_2:
    rect:
    - 0.97255
    - 0.950458
    - 0.993451
    - 0.971302
    geometry: 576e050899de9f93
  steps_step_0:
    rect:
    - 0.314481
    - 0.584002
    - 0.361872
    - 0.631407
    geometry: 92dc2706acb6c6ff
  steps_step_1:
    rect:
    - 0.789655
    - 0.637289
    - 0.830697
    - 0.678304
    geometry: f1d055766b765183
  verge_back_barge_left:
    rect:
    - 0.5636
    - 0.637289
    - 0.605455
    - 0.678876
    geometry: 11d152e61400ae4a
  verge_back_deck:
    rect:
    - 0.456912
    - 0.256165
    - 0.556024
    - 0.355274
    geometry: da6fc2e0f50458a7
  verge_back_fascia_board:
    rect:
    - 0.120096
    - 0.979156
    - 0.139546
    - 0.998605
    geometry: 796ea1ae872104be
  verge_back_shingles_even:
    rect:
    - 0.354284
    - 0.465629
    - 0.407606
    - 0.518949
    geometry: e0ef3e82db846f7e
  verge_back_shingles_odd:
    rect:
    - 0.568185
    - 0.527249
    - 0.620463
    - 0.579529
    geometry: 76857b98f58fe68d
  verge_barge_right:
    rect:
    - 0.467228
    - 0.584002
    - 0.513392
    - 0.629916
    geometry: 2e72054ff33fd928
  verge_deck:
    rect:
    - 0.061741
    - 0.465629
    - 0.119318
    - 0.523069
    geometry: 3de3b1a7032b0084
  verge_fascia_board:
    rect:
    - 0.073382
    - 0.979156
    - 0.092832
    - 0.998605
    geometry: 7b72a9967f644c6e
  verge_l_back_barge_right:
    rect:
    - 0.241357
    - 0.637289
    - 0.28529
    - 0.680936
    geometry: 90fbe0bd7806840f
  verge_l_back_deck:
    rect:
    - 0.55993
    - 0.256165
    - 0.659041
    - 0.355274
    geometry: d35fe59884f86324
  verge_l_back_fascia_board:
    rect:
    - 0.096739
    - 0.979156
    - 0.116189
    - 0.998605
    geometry: 04fa9b665a1f2caa
  verge_l_back_shingles_even:
    rect:
    - 0.296889
    - 0.465629
    - 0.350378
    - 0.519124
    geometry: f5ec10b27647417c
  verge_l_back_shingles_odd:
    rect:
    - 0.680484
    - 0.527249
    - 0.732494
    - 0.579262
    geometry: 8ec49d85c2f91277
  verge_l_barge_left:
    rect:
    - 0.417158
    - 0.584002
    - 0.463322
    - 0.629916
    geometry: 9be39bdad3e41340
  verge_l_deck:
    rect:
    - 0.123224
    - 0.465629
    - 0.17795
    - 0.520479
    geometry: 7a66b69550315019
  verge_l_fascia_board:
    rect:
    - 0.143453
    - 0.979156
    - 0.162903
    - 0.998605
    geometry: 6883b5ea9152af8d
  verge_l_shingles_even:
    rect:
    - 0.239397
    - 0.465629
    - 0.292982
    - 0.519213
    geometry: 52afd73107fb128b
  verge_l_shingles_odd:
    rect:
    - 0.7364
    - 0.527249
    - 0.788287
    - 0.579133
    geometry: 1e1b6cbd3745d37e
  verge_shingles_even:
    rect:
    - 0.181856
    - 0.465629
    - 0.235491
    - 0.519265
    geometry: 458befc63ef17d93
  verge_shingles_odd:
    rect:
    - 0.62437
    - 0.527249
    - 0.676577
    - 0.579458
    geometry: ef16ade9604f38fd
  wall_back_0_head_plate:
    rect:
    - 0.855845
    - 0.685538
    - 0.89413
    - 0.723792
    geometry: 4921fb91386e4290
  wall_back_0_head_rail:
    rect:
    - 0.124585
    - 0.729017
    - 0.162099
    - 0.76649
    geometry: bf022311367febe0
  wall_back_0_infill:
    rect:
    - 0.760447
    - 0.256165
    - 0.851779
    - 0.347492
    geometry: 182cb170c50485d8
  wall_back_0_sill_plate:
    rect:
    - 0.643657
    - 0.685538
    - 0.682218
    - 0.724069
    geometry: 2957b4b8a6bd5a29
  wall_back_0_sill_rail:
    rect:
    - 0.331446
    - 0.729017
    - 0.368839
    - 0.766372
    geometry: 7f2a8f7ff7197dbc
  wall_back_0_stud_0:
    rect:
    - 0.517298
    - 0.584002
    - 0.562672
    - 0.629298
    geometry: c4f7fd2ab933642b
  wall_back_0_stud_1:
    rect:
    - 0.665139
    - 0.584002
    - 0.710513
    - 0.629298
    geometry: 5c4b580052665aa1
  wall_back_1_head_plate:
    rect:
    - 0.898036
    - 0.685538
    - 0.936321
    - 0.723792
    geometry: f93dce0d433e3b03
  wall_back_1_head_rail:
    rect:
    - 0.166006
    - 0.729017
    - 0.20352
    - 0.76649
    geometry: de160fdceab0baa0
  wall_back_1_infill:
    rect:
    - 0.855685
    - 0.256165
    - 0.947016
    - 0.347492
    geometry: 7feeb863bc7e7b2d
  wall_back_1_sill_plate:
    rect:
    - 0.686125
    - 0.685538
    - 0.724685
    - 0.724069
    geometry: 2259dad73a4e8e85
  wall_back_1_sill_rail:
    rect:
    - 0.248847
    - 0.729017
    - 0.28624
    - 0.766372
    geometry: c111a2ed8364d996
  wall_back_1_stud_0:
    rect:
    - 0.566579
    - 0.584002
    - 0.611953
    - 0.629298
    geometry: 3caaf631e0f50ed9
  wall_back_1_stud_1:
    rect:
    - 0.714419
    - 0.584002
    - 0.759793
    - 0.629298
    geometry: 5eafb255fa2de142
  wall_back_2_head_plate:
    rect:
    - 0.940227
    - 0.685538
    - 0.978512
    - 0.723792
    geometry: 6d486fdbb0828e19
  wall_back_2_head_rail:
    rect:
    - 0.207427
    - 0.729017
    - 0.244941
    - 0.76649
    geometry: cef2b914a2707d19
  wall_back_2_infill:
    rect:
    - 0.0
    - 0.370396
    - 0.091331
    - 0.461723
    geometry: c5a6aed48a723f7a
  wall_back_2_sill_plate:
    rect:
    - 0.728592
    - 0.685538
    - 0.767153
    - 0.724069
    geometry: 1c49f1733abb9535
  wall_back_2_sill_rail:
    rect:
    - 0.290147
    - 0.729017
    - 0.32754
    - 0.766372
    geometry: a5104bc82f65a469
  wall_back_2_stud_0:
    rect:
    - 0.763699
    - 0.584002
    - 0.809073
    - 0.629298
    geometry: 29432eded4f05b21
  wall_back_2_stud_1:
    rect:
    - 0.615859
    - 0.584002
    - 0.661233
    - 0.629298
    geometry: 8fb53545b45dadb1
  wall_front_door_head_plate:
    rect:
    - 0.043515
    - 0.685538
    - 0.082694
    - 0.724753
    geometry: b0f016e19186072c
  wall_front_door_head_rail:
    rect:
    - 0.372745
    - 0.729017
    - 0.4101
    - 0.766333
    geometry: 0703d9641f841166
  wall_front_door_infill:
    rect:
    - 0.648769
    - 0.370396
    - 0.727119
    - 0.448773
    geometry: 191ce53af44661ee
  wall_front_door_sill_plate:
    rect:
    - 0.0
    - 0.729017
    - 0.037766
    - 0.766755
    geometry: 09dc12b6e4bd7e5c
  wall_front_door_stud_0:
    rect:
    - 0.145006
    - 0.637289
    - 0.189275
    - 0.681474
    geometry: '1820084322013665'
  wall_front_door_stud_1:
    rect:
    - 0.193182
    - 0.637289
    - 0.237451
    - 0.681474
    geometry: 5a8158ff8c1a5967
  wall_front_window_0_head_plate:
    rect:
    - 0.922978
    - 0.637289
    - 0.962587
    - 0.676862
    geometry: 8ff679e938dae691
  wall_front_window_0_head_rail:
    rect:
    - 0.496366
    - 0.729017
    - 0.533359
    - 0.765977
    geometry: d5e8369e5a13cf87
  wall_front_window_0_infill:
    rect:
    - 0.095237
    - 0.370396
    - 0.186569
    - 0.461723
    geometry: b586bfb7a9067e15
  wall_front_window_0_sill_plate:
    rect:
    - 0.041672
    - 0.729017
    - 0.079222
    - 0.766535
    geometry: 50d27955954289f0
  wall_front_window_0_sill_rail:
    rect:
    - 0.0405
    - 0.770661
    - 0.077094
    - 0.807216
    geometry: 7664284a377e55a0
  wall_front_window_0_stud_0:
    rect:
    - 0.910558
    - 0.584002
    - 0.954987
    - 0.628345
    geometry: b00c32597b871454
  wall_front_window_0_stud_1:
    rect:
    - 0.0
    - 0.637289
    - 0.044429
    - 0.681632
    geometry: d2d6509db562431a
  wall_front_window_1_head_plate:
    rect:
    - 0.0
    - 0.685538
    - 0.039609
    - 0.725111
    geometry: c8f62eaef8958f52
  wall_front_window_1_head_rail:
    rect:
    - 0.537265
    - 0.729017
    - 0.574258
    - 0.765976
    geometry: 188702fb247ea5b5
  wall_front_window_1_infill:
    rect:
    - 0.190475
    - 0.370396
    - 0.281806
    - 0.461723
    geometry: 391e39f5311d9489
  wall_front_window_1_sill_plate:
    rect:
    - 0.083128
    - 0.729017
    - 0.120678
    - 0.766535
    geometry: 8a5256cafdc44e31
  wall_front_window_1_sill_rail:
    rect:
    - 0.0
    - 0.770661
    - 0.036594
    - 0.807216
    geometry: 3282d059da68ca9c
  wall_front_window_1_stud_0:
    rect:
    - 0.048335
    - 0.637289
    - 0.092765
    - 0.681632
    geometry: 49ce7a60ce76559b
  wall_front_window_1_stud_1:
    rect:
    - 0.096671
    - 0.637289
    - 0.1411
    - 0.681632
    geometry: 1c0d5c0a764c0e69
  wall_side_0_0_brace_a:
    rect:
    - 0.0
    - 0.584002
    - 0.049262
    - 0.633383
    geometry: dccbdec7e0f3e11e
  wall_side_0_0_brace_b:
    rect:
    - 0.157814
    - 0.584002
    - 0.206422
    - 0.632486
    geometry: 740cd83ba24121a5
  wall_side_0_0_head_plate:
    rect:
    - 0.600808
    - 0.685538
    - 0.639751
    - 0.72445
    geometry: 8439b0742911542a
  wall_side_0_0_infill_solid:
    rect:
    - 0.285712
    - 0.370396
    - 0.37257
    - 0.457257
    geometry: b65329783b8ebdb9
  wall_side_0_0_sill_plate:
    rect:
    - 0.0866
    - 0.685538
    - 0.125575
    - 0.724549
    geometry: de8787bb7620aca1
  wall_side_0_1_brace_a:
    rect:
    - 0.792193
    - 0.527249
    - 0.841456
    - 0.57663
    geometry: 39f614763b26b618
  wall_side_0_1_brace_b:
    rect:
    - 0.210328
    - 0.584002
    - 0.258925
    - 0.632475
    geometry: 8c4c62d8a9471fdd
  wall_side_0_1_head_plate:
    rect:
    - 0.51511
    - 0.685538
    - 0.554053
    - 0.72445
    geometry: 04990281e2c91d18
  wall_side_0_1_infill_solid:
    rect:
    - 0.376476
    - 0.370396
    - 0.463334
    - 0.457257
    geometry: 6bb5ad43ff641fad
  wall_side_0_1_sill_plate:
    rect:
    - 0.215242
    - 0.685538
    - 0.254215
    - 0.724548
    geometry: 7fc2fb5f36541cda
  wall_side_1_0_brace_a:
    rect:
    - 0.845362
    - 0.527249
    - 0.894625
    - 0.57663
    geometry: 2095d4431c2ed4a0
  wall_side_1_0_brace_b:
    rect:
    - 0.812979
    - 0.584002
    - 0.857867
    - 0.628714
    geometry: 38bd6ca234df0f20
  wall_side_1_0_head_plate:
    rect:
    - 0.472261
    - 0.685538
    - 0.511204
    - 0.72445
    geometry: 03cfb41c520d97bd
  wall_side_1_0_infill_solid:
    rect:
    - 0.467241
    - 0.370396
    - 0.554098
    - 0.457257
    geometry: fb3682f1c383fab3
  wall_side_1_0_sill_plate:
    rect:
    - 0.172361
    - 0.685538
    - 0.211336
    - 0.724549
    geometry: 6040796ff3a2feb2
  wall_side_1_1_brace_a:
    rect:
    - 0.898531
    - 0.527249
    - 0.947793
    - 0.57663
    geometry: 9f6769b61bc6cc63
  wall_side_1_1_brace_b:
    rect:
    - 0.861774
    - 0.584002
    - 0.906652
    - 0.628704
    geometry: 2eeaa0d5ccbcc434
  wall_side_1_1_head_plate:
    rect:
    - 0.557959
    - 0.685538
    - 0.596902
    - 0.72445
    geometry: 87fa850525663dfe
  wall_side_1_1_infill_solid:
    rect:
    - 0.558005
    - 0.370396
    - 0.644862
    - 0.457257
    geometry: 06391063c01c4766
  wall_side_1_1_sill_plate:
    rect:
    - 0.129481
    - 0.685538
    - 0.168455
    - 0.724549
    geometry: 5e98f6266e187d87
  window_back_0_glass:
    rect:
    - 0.144631
    - 0.849345
    - 0.176216
    - 0.880938
    geometry: d2d4ce2f2a1e7fd8
  window_back_0_head:
    rect:
    - 0.247164
    - 0.919164
    - 0.273761
    - 0.945778
    geometry: daa538408d224165
  window_back_0_jamb_left:
    rect:
    - 0.92153
    - 0.919164
    - 0.946334
    - 0.943956
    geometry: cac142d82613c078
  window_back_0_jamb_right:
    rect:
    - 0.95024
    - 0.919164
    - 0.975043
    - 0.943956
    geometry: d89cecdf1741e4a7
  window_back_0_mullion_h:
    rect:
    - 0.21205
    - 0.979156
    - 0.230764
    - 0.997858
    geometry: 0fe4d5a05c16afb9
  window_back_0_mullion_v:
    rect:
    - 0.649348
    - 0.950458
    - 0.670621
    - 0.971717
    geometry: f1eac2b9d380dbd2
  window_back_0_sill:
    rect:
    - 0.425984
    - 0.849345
    - 0.455409
    - 0.878779
    geometry: 5a11fc55eda6e571
  window_back_1_glass:
    rect:
    - 0.180122
    - 0.849345
    - 0.211707
    - 0.880938
    geometry: 70f25e9b80366df8
  window_back_1_head:
    rect:
    - 0.125153
    - 0.919164
    - 0.15175
    - 0.945778
    geometry: c4fe5546dbaf31a4
  window_back_1_jamb_left:
    rect:
    - 0.864111
    - 0.919164
    - 0.888914
    - 0.943956
    geometry: 01434e9ee077584e
  window_back_1_jamb_right:
    rect:
    - 0.028709
    - 0.950458
    - 0.053513
    - 0.975249
    geometry: 86aed26fa52af3de
  window_back_1_mullion_h:
    rect:
    - 0.25729
    - 0.979156
    - 0.276004
    - 0.997858
    geometry: cadb99e246e7b122
  window_back_1_mullion_v:
    rect:
    - 0.624188
    - 0.950458
    - 0.645442
    - 0.971726
    geometry: 69fd0b4b151e7a14
  window_back_1_sill:
    rect:
    - 0.459315
    - 0.849345
    - 0.48874
    - 0.878779
    geometry: 96e7a287398b2195
  window_back_2_glass:
    rect:
    - 0.073648
    - 0.849345
    - 0.105233
    - 0.880938
    geometry: 956f6da5e99a33af
  window_back_2_head:
    rect:
    - 0.186159
    - 0.919164
    - 0.212755
    - 0.945778
    geometry: 7da6ce5c0021ee5d
  window_back_2_jamb_left:
    rect:
    - 0.835401
    - 0.919164
    - 0.860204
    - 0.943956
    geometry: 5591fd5e6a3a449f
  window_back_2_jamb_right:
    rect:
    - 0.086128
    - 0.950458
    - 0.110931
    - 0.975249
    geometry: 18bff66e9986510f
  window_back_2_mullion_h:
    rect:
    - 0.23467
    - 0.979156
    - 0.253384
    - 0.997858
    geometry: b467d99d9ec6d1d4
  window_back_2_mullion_v:
    rect:
    - 0.699599
    - 0.950458
    - 0.720574
    - 0.971452
    geometry: a2cdcd2a6d68851a
  window_back_2_sill:
    rect:
    - 0.492646
    - 0.849345
    - 0.522071
    - 0.878779
    geometry: 84a1c74a4c8b0f54
  window_front_0_glass:
    rect:
    - 0.215613
    - 0.849345
    - 0.247198
    - 0.880938
    geometry: 434a72fe0d8ad941
  window_front_0_head:
    rect:
    - 0.216661
    - 0.919164
    - 0.243258
    - 0.945778
    geometry: 140eb1eb8b978749
  window_front_0_jamb_left:
    rect:
    - 0.806691
    - 0.919164
    - 0.831495
    - 0.943956
    geometry: 60bdc061acf04976
  window_front_0_jamb_right:
    rect:
    - 0.0
    - 0.950458
    - 0.024803
    - 0.975249
    geometry: ae92d2ed0e6a33b8
  window_front_0_mullion_h:
    rect:
    - 0.16681
    - 0.979156
    - 0.185524
    - 0.997858
    geometry: 17ead74989270a02
  window_front_0_mullion_v:
    rect:
    - 0.599027
    - 0.950458
    - 0.620281
    - 0.971726
    geometry: cd850216ebe9c1a8
  window_front_0_sill:
    rect:
    - 0.392654
    - 0.849345
    - 0.422078
    - 0.878779
    geometry: 2f07dfa0c24852d2
  window_front_1_glass:
    rect:
    - 0.109139
    - 0.849345
    - 0.140724
    - 0.880938
    geometry: f601b658d8e85cf5
  window_front_1_head:
    rect:
    - 0.155656
    - 0.919164
    - 0.182252
    - 0.945778
    geometry: 3bafcbd29cf5e01d
  window_front_1_jamb_left:
    rect:
    - 0.89282
    - 0.919164
    - 0.917624
    - 0.943956
    geometry: 0e0bb1b1d14124ce
  window_front_1_jamb_right:
    rect:
    - 0.057419
    - 0.950458
    - 0.082222
    - 0.975249
    geometry: 7e73392ca113562b
  window_front_1_mullion_h:
    rect:
    - 0.18943
    - 0.979156
    - 0.208144
    - 0.997858
    geometry: e749cae118844058
  window_front_1_mullion_v:
    rect:
    - 0.674527
    - 0.950458
    - 0.695693
    - 0.971644
    geometry: 18e33def0673366f
  window_front_1_sill:
    rect:
    - 0.525977
    - 0.849345
    - 0.555401
    - 0.878779
    geometry: cb1bcfa78b53302f
