# Generated by `sw uv lock`. Commit it: keeps each part's UV region fixed across edits.
# Re-run after adding/removing parts. See docs/UV.md.
version: 1
resolution: 1024
padding_px: 8
owners:
  awning_barge_left:
    rect:
    - 0.300917
    - 0.848203
    - 0.409735
    - 0.956983
    geometry: 5a2fa4a5312a2ff2
  awning_barge_right:
    rect:
    - 0.417547
    - 0.848203
    - 0.526365
    - 0.956983
    geometry: 235f2ddbd901ae3d
  awning_deck:
    rect:
    - 0.450208
    - 0.0
    - 0.674244
    - 0.224061
    geometry: 13592847eb8580a3
  awning_fascia_board:
    rect:
    - 0.159706
    - 0.848203
    - 0.293105
    - 0.981269
    geometry: 1d6a9bae08b78b90
  awning_shingles_even:
    rect:
    - 0.682057
    - 0.0
    - 0.899085
    - 0.217024
    geometry: eedcd98ed66f4569
  awning_shingles_odd:
    rect:
    - 0.364235
    - 0.665892
    - 0.521888
    - 0.823538
    geometry: 6fe04cce6321694d
  wall_head_plate:
    rect:
    - 0.182464
    - 0.665892
    - 0.356422
    - 0.839617
    geometry: c211cae4ad4c0357
  wall_head_rail:
    rect:
    - 0.801456
    - 0.450314
    - 0.97918
    - 0.627897
    geometry: adc849953b8e5fe9
  wall_infill:
    rect:
    - 0.0
    - 0.0
    - 0.442395
    - 0.442502
    geometry: a0ab8ee0d27518c6
  wall_sill_plate:
    rect:
    - 0.609419
    - 0.450314
    - 0.793643
    - 0.634388
    geometry: 400a569ae190fdbf
  wall_sill_rail:
    rect:
    - 0.0
    - 0.665892
    - 0.174651
    - 0.84039
    geometry: 4163bfcbb48a87f4
  wall_stud_0:
    rect:
    - 0.412507
    - 0.450314
    - 0.601607
    - 0.639184
    geometry: 6c1681557ac848c2
  wall_stud_1:
    rect:
    - 0.215595
    - 0.450314
    - 0.404695
    - 0.639184
    geometry: 169539595c4d7261
  window_head:
    rect:
    - 0.5297
    - 0.665892
    - 0.683761
    - 0.819843
    geometry: 0ddf0c1a3567f4f6
  window_jamb_left:
    rect:
    - 0.691573
    - 0.665892
    - 0.843468
    - 0.81769
    geometry: 11cab922d112d209
  window_jamb_right:
    rect:
    - 0.0
    - 0.848203
    - 0.151894
    - 1.0
    geometry: 96b1df1f579b338e
  window_sill:
    rect:
    - 0.0
    - 0.450314
    - 0.207783
    - 0.658079
    geometry: d5f5ec93826ff23e
