# Generated by `sw uv lock`. Commit it: keeps each part's UV region fixed across edits.
# Re-run after adding/removing parts. See docs/UV.md.
version: 1
resolution: 1024
padding_px: 8
owners:
  gable_infill:
    rect:
    - 0.0
    - 0.0
    - 0.694832
    - 0.694699
    geometry: 937114e67c0d961a
  gable_king_post:
    rect:
    - 0.472507
    - 0.702511
    - 0.666739
    - 0.896643
    geometry: bac81ce62fbe677c
  gable_rake_l:
    rect:
    - 0.238421
    - 0.702511
    - 0.464694
    - 0.928487
    geometry: e4ddcea2c2eac74f
  gable_rake_r:
    rect:
    - 0.0
    - 0.702511
    - 0.230609
    - 0.932808
    geometry: e2f4e88338e57da0
  gable_strut_l:
    rect:
    - 0.674552
    - 0.702511
    - 0.821712
    - 0.849713
    geometry: 14f0914a9abb70e3
  gable_strut_r:
    rect:
    - 0.829524
    - 0.702511
    - 0.974255
    - 0.847208
    geometry: 99e02f1dfe15a070
  gable_tie:
    rect:
    - 0.702645
    - 0.0
    - 1.0
    - 0.296916
    geometry: 01e03e4bdf4a8f94
