# Generated by `sw uv lock`. Commit it: keeps each part's UV region fixed across edits.
# Re-run after adding/removing parts. See docs/UV.md.
version: 1
resolution: 512
padding_px: 4
owners:
  back_slat_0:
    rect:
    - 0.0
    - 0.75756
    - 0.190525
    - 0.948125
    geometry: 0764894edb4de004
  back_slat_1:
    rect:
    - 0.198338
    - 0.75756
    - 0.388863
    - 0.948125
    geometry: 5bc868e2a901249b
  front_leg_left:
    rect:
    - 0.791455
    - 0.441734
    - 1.0
    - 0.650325
    geometry: 6c8cb4d4255ea72c
  front_leg_right:
    rect:
    - 0.575098
    - 0.441734
    - 0.783643
    - 0.650325
    geometry: e54903ec1f569055
  front_stretcher:
    rect:
    - 0.396676
    - 0.75756
    - 0.529655
    - 0.890321
    geometry: 72af0f5aaf5cd086
  rear_leg_left:
    rect:
    - 0.441652
    - 0.0
    - 0.750531
    - 0.308014
    geometry: 8813a5831b845040
  rear_leg_right:
    rect:
    - 0.0
    - 0.441734
    - 0.308879
    - 0.749748
    geometry: 75c611bb203fe3a4
  seat:
    rect:
    - 0.0
    - 0.0
    - 0.43384
    - 0.433922
    geometry: 6356895afcb9fc09
  side_stretcher_left:
    rect:
    - 0.537467
    - 0.75756
    - 0.66483
    - 0.884809
    geometry: 8fc526ab00a9081c
  side_stretcher_right:
    rect:
    - 0.672643
    - 0.75756
    - 0.800006
    - 0.884809
    geometry: 602f1acc2083a86a
  top_rail:
    rect:
    - 0.316692
    - 0.441734
    - 0.567286
    - 0.692155
    geometry: e0af0798d538f4a2
