# Generated by `sw uv lock`. Commit it: keeps each part's UV region fixed across edits.
# Re-run after adding/removing parts. See docs/UV.md.
version: 1
resolution: 1024
padding_px: 8
owners:
  base_bolt_0:
    rect:
    - 0.499047
    - 0.806925
    - 0.547069
    - 0.855154
    geometry: 41edda4d7c634daf
  base_bolt_1:
    rect:
    - 0.890097
    - 0.806925
    - 0.938325
    - 0.854947
    geometry: c61c9d59550545f1
  base_bolt_2:
    rect:
    - 0.554881
    - 0.806925
    - 0.602903
    - 0.855154
    geometry: eb960e12d089e55f
  base_bolt_3:
    rect:
    - 0.77822
    - 0.806925
    - 0.826244
    - 0.855152
    geometry: 3b9897f1ea27a9ae
  base_bolt_4:
    rect:
    - 0.610716
    - 0.806925
    - 0.658738
    - 0.855154
    geometry: 70a2740db7048808
  base_bolt_5:
    rect:
    - 0.834056
    - 0.806925
    - 0.882284
    - 0.854947
    geometry: 748c1d398405f175
  base_bolt_6:
    rect:
    - 0.66655
    - 0.806925
    - 0.714572
    - 0.855154
    geometry: 0f295eb62761d2b4
  base_bolt_7:
    rect:
    - 0.722385
    - 0.806925
    - 0.770408
    - 0.855152
    geometry: 5e6071da06cabfdd
  body:
    rect:
    - 0.0
    - 0.0
    - 0.474966
    - 0.475055
    geometry: afc145afccc8a5be
  collar:
    rect:
    - 0.324124
    - 0.482867
    - 0.629472
    - 0.788229
    geometry: 77c0013e85331893
  dome:
    rect:
    - 0.0
    - 0.482867
    - 0.316311
    - 0.799113
    geometry: 51769625c503f01d
  flange:
    rect:
    - 0.482779
    - 0.0
    - 0.865005
    - 0.382503
    geometry: 9621a4a5dd56e76c
  outlet_cap_left:
    rect:
    - 0.0
    - 0.806925
    - 0.173928
    - 0.980919
    geometry: 4ebce336695ba32c
  outlet_cap_right:
    rect:
    - 0.181741
    - 0.806925
    - 0.355708
    - 0.98088
    geometry: e2d4f7db74e088d8
  outlet_left:
    rect:
    - 0.637285
    - 0.482867
    - 0.814736
    - 0.660115
    geometry: c8cf9ff6894d4613
  outlet_right:
    rect:
    - 0.822549
    - 0.482867
    - 1.0
    - 0.660115
    geometry: d9ec80056386be44
  top_nut:
    rect:
    - 0.36352
    - 0.806925
    - 0.491234
    - 0.934621
    geometry: 7f1fa0f13f7396f7
