# Generated by `sw uv lock`. Commit it: keeps each part's UV region fixed across edits.
# Re-run after adding/removing parts. See docs/UV.md.
version: 1
resolution: 1024
padding_px: 8
owners:
  blade:
    rect:
    - 0.0
    - 0.0
    - 0.594986
    - 0.596023
    geometry: ef6602daf17777df
  grip:
    rect:
    - 0.292305
    - 0.603835
    - 0.558523
    - 0.87003
    geometry: 6568180ed9679180
  guard:
    rect:
    - 0.602798
    - 0.0
    - 1.0
    - 0.39713
    geometry: 8fb3a294370c4b5e
  guard_boss:
    rect:
    - 0.0
    - 0.603835
    - 0.284492
    - 0.888553
    geometry: 5dc7f96263604460
  pommel:
    rect:
    - 0.566335
    - 0.603835
    - 0.811385
    - 0.848756
    geometry: 41953038037e9456
  wrap_0:
    rect:
    - 0.107674
    - 0.896365
    - 0.207536
    - 0.997073
    geometry: d3726052ec3b419d
  wrap_1:
    rect:
    - 0.819198
    - 0.603835
    - 0.91906
    - 0.704544
    geometry: 92a03ef45128e13e
  wrap_2:
    rect:
    - 0.323023
    - 0.896365
    - 0.422885
    - 0.997073
    geometry: 0ccee66c055cfe6e
  wrap_3:
    rect:
    - 0.538372
    - 0.896365
    - 0.638234
    - 0.997073
    geometry: 2afeef7ca61e4337
  wrap_4:
    rect:
    - 0.215349
    - 0.896365
    - 0.315211
    - 0.997073
    geometry: f298b6a765c9834e
  wrap_5:
    rect:
    - 0.0
    - 0.896365
    - 0.099862
    - 0.997073
    geometry: 060a8fe3688e6d17
  wrap_6:
    rect:
    - 0.430698
    - 0.896365
    - 0.53056
    - 0.997073
    geometry: 5c21a5d4a73ab144
