# Generated by `sw uv lock`. Commit it: keeps each part's UV region fixed across edits.
# Re-run after adding/removing parts. See docs/UV.md.
version: 1
resolution: 1024
padding_px: 8
owners:
  wall_brace_a:
    rect:
    - 0.0
    - 0.680999
    - 0.306137
    - 0.986702
    geometry: 29ee978cffa6f7d0
  wall_brace_b:
    rect:
    - 0.680965
    - 0.0
    - 1.0
    - 0.318696
    geometry: cbe4bab37428f32b
  wall_head_plate:
    rect:
    - 0.589765
    - 0.680999
    - 0.852937
    - 0.944058
    geometry: c211cae4ad4c0357
  wall_infill_solid:
    rect:
    - 0.0
    - 0.0
    - 0.673153
    - 0.673186
    geometry: 1d9de7b5c1f4dd89
  wall_sill_plate:
    rect:
    - 0.313949
    - 0.680999
    - 0.581952
    - 0.948857
    geometry: 400a569ae190fdbf
