# Generated by `sw uv lock`. Commit it: keeps each part's UV region fixed across edits.
# Re-run after adding/removing parts. See docs/UV.md.
version: 1
resolution: 1024
padding_px: 8
owners:
  ridge_collar_0:
    rect:
    - 0.0
    - 0.751822
    - 0.24825
    - 1.0
    geometry: 3cf21bac761c474c
  ridge_collar_1:
    rect:
    - 0.256062
    - 0.751822
    - 0.504312
    - 1.0
    geometry: a1028e6339d20835
  ridge_roll:
    rect:
    - 0.0
    - 0.0
    - 0.744972
    - 0.74401
    geometry: e5b113da7bc6125b
