# Generated by `sw uv lock`. Commit it: keeps each part's UV region fixed across edits.
# Re-run after adding/removing parts. See docs/UV.md.
version: 1
resolution: 1024
padding_px: 8
owners:
  eave_trim_fascia_board:
    rect:
    - 0.0
    - 0.0
    - 0.548287
    - 0.547513
    geometry: b317827071130150
  eave_trim_rafter_tail_0:
    rect:
    - 0.5561
    - 0.0
    - 0.885985
    - 0.329621
    geometry: b276fccd8d0209ba
  eave_trim_rafter_tail_1:
    rect:
    - 0.0
    - 0.555326
    - 0.329882
    - 0.884944
    geometry: e29ecf4f14cc432a
  eave_trim_rafter_tail_2:
    rect:
    - 0.672755
    - 0.555326
    - 1.0
    - 0.882311
    geometry: 32b4fbdf68a6fd70
  eave_trim_rafter_tail_3:
    rect:
    - 0.337694
    - 0.555326
    - 0.664942
    - 0.882314
    geometry: 90d44ee56755c96c
