# Generated by `sw uv lock`. Commit it: keeps each part's UV region fixed across edits.
# Re-run after adding/removing parts. See docs/UV.md.
version: 1
resolution: 1024
padding_px: 8
owners:
  chimney_base:
    rect:
    - 0.0
    - 0.0
    - 0.466283
    - 0.466184
    geometry: c30f18a989023403
  chimney_base_band_0:
    rect:
    - 0.388025
    - 0.473996
    - 0.574224
    - 0.660176
    geometry: 26078e75595c28e4
  chimney_base_band_1:
    rect:
    - 0.776049
    - 0.473996
    - 0.962249
    - 0.660176
    geometry: 4126d3e3db043929
  chimney_base_band_2:
    rect:
    - 0.582037
    - 0.473996
    - 0.768237
    - 0.660176
    geometry: e16b571bf365570e
  chimney_base_band_3:
    rect:
    - 0.0
    - 0.473996
    - 0.1862
    - 0.660176
    geometry: dcce96b98b8dbdf9
  chimney_base_band_4:
    rect:
    - 0.194012
    - 0.473996
    - 0.380212
    - 0.660176
    geometry: 38b0808b65af12dc
  chimney_cap:
    rect:
    - 0.0
    - 0.667989
    - 0.178314
    - 0.846301
    geometry: 0a2a98aac5ec4866
  chimney_course_band_0:
    rect:
    - 0.0
    - 0.854113
    - 0.145852
    - 1.0
    geometry: cd214722815d3220
  chimney_course_band_1:
    rect:
    - 0.820111
    - 0.667989
    - 0.965963
    - 0.813876
    geometry: b146a98319fed95d
  chimney_course_band_2:
    rect:
    - 0.666447
    - 0.667989
    - 0.812298
    - 0.813876
    geometry: 8680031c90da83d7
  chimney_course_band_3:
    rect:
    - 0.512783
    - 0.667989
    - 0.658634
    - 0.813876
    geometry: 1b755bba44a56234
  chimney_course_band_4:
    rect:
    - 0.359119
    - 0.667989
    - 0.50497
    - 0.813876
    geometry: efef80dda85a2caf
  chimney_pot_0:
    rect:
    - 0.234177
    - 0.854113
    - 0.306877
    - 0.926895
    geometry: a59468e5c52d0bd9
  chimney_pot_1:
    rect:
    - 0.153664
    - 0.854113
    - 0.226364
    - 0.926895
    geometry: 1306dad326dc7c39
  chimney_stack:
    rect:
    - 0.474096
    - 0.0
    - 0.86338
    - 0.38913
    geometry: b8758ca6c51bad5a
  chimney_weathering:
    rect:
    - 0.186126
    - 0.667989
    - 0.351306
    - 0.833217
    geometry: '5366700607442986'
