# Generated by `sw uv lock`. Commit it: keeps each part's UV region fixed across edits.
# Re-run after adding/removing parts. See docs/UV.md.
version: 1
resolution: 1024
padding_px: 8
owners:
  door_brace:
    rect:
    - 0.0
    - 0.889842
    - 0.110611
    - 1.0
    geometry: 87e41c08f13e21a2
  door_frame_head:
    rect:
    - 0.199004
    - 0.69092
    - 0.352879
    - 0.844791
    geometry: 46973ba1d2b82830
  door_frame_jamb_left:
    rect:
    - 0.691939
    - 0.0
    - 0.89678
    - 0.20463
    geometry: 4f9403a267f9c217
  door_frame_jamb_right:
    rect:
    - 0.479285
    - 0.0
    - 0.684127
    - 0.204632
    geometry: 5b39fe569453586e
  door_ledge_0:
    rect:
    - 0.118424
    - 0.889842
    - 0.20732
    - 0.978611
    geometry: e77e950d54c0b967
  door_ledge_1:
    rect:
    - 0.215133
    - 0.889842
    - 0.30403
    - 0.978611
    geometry: be0a548b411425e2
  door_plank_0:
    rect:
    - 0.663451
    - 0.69092
    - 0.807018
    - 0.834215
    geometry: 6139b1260f1c6fd9
  door_plank_1:
    rect:
    - 0.512071
    - 0.69092
    - 0.655638
    - 0.834215
    geometry: d456b383286c35b6
  door_plank_2:
    rect:
    - 0.81483
    - 0.69092
    - 0.958397
    - 0.834215
    geometry: b8bde97de0663b85
  door_plank_3:
    rect:
    - 0.360692
    - 0.69092
    - 0.504259
    - 0.834215
    geometry: d02b72d241e57dea
  door_pull:
    rect:
    - 0.311842
    - 0.889842
    - 0.386634
    - 0.964604
    geometry: a5debf8a9c601d17
  door_strap_0:
    rect:
    - 0.476885
    - 0.889842
    - 0.551512
    - 0.964369
    geometry: a36572ed161a9d13
  door_strap_1:
    rect:
    - 0.394446
    - 0.889842
    - 0.469073
    - 0.964369
    geometry: '4182360592898527'
  wall_head_plate:
    rect:
    - 0.0
    - 0.69092
    - 0.191192
    - 0.88203
    geometry: c211cae4ad4c0357
  wall_head_rail:
    rect:
    - 0.626281
    - 0.479283
    - 0.818075
    - 0.670925
    geometry: adc849953b8e5fe9
  wall_infill:
    rect:
    - 0.0
    - 0.0
    - 0.471472
    - 0.471471
    geometry: b62391ae8e0d8d71
  wall_sill_plate:
    rect:
    - 0.423767
    - 0.479283
    - 0.618469
    - 0.673879
    geometry: 400a569ae190fdbf
  wall_stud_0:
    rect:
    - 0.0
    - 0.479283
    - 0.204072
    - 0.683107
    geometry: abc2b6d4d8168b41
  wall_stud_1:
    rect:
    - 0.211885
    - 0.479283
    - 0.415955
    - 0.683105
    geometry: 2dc7773c1c3e5514
