# Generated by `sw uv lock`. Commit it: keeps each part's UV region fixed across edits.
# Re-run after adding/removing parts. See docs/UV.md.
version: 1
resolution: 1024
padding_px: 8
owners:
  shutter_batten_left:
    rect:
    - 0.559649
    - 0.892445
    - 0.635636
    - 0.968522
    geometry: 555d266c74a4ed8a
  shutter_batten_right:
    rect:
    - 0.643449
    - 0.892445
    - 0.719002
    - 0.968076
    geometry: a11cafb540c80ebb
  shutter_plank_0:
    rect:
    - 0.345396
    - 0.892445
    - 0.452545
    - 0.999275
    geometry: 121bde02993f1301
  shutter_plank_1:
    rect:
    - 0.115474
    - 0.892445
    - 0.222623
    - 0.999275
    geometry: d3899ddb39dc15c8
  shutter_plank_2:
    rect:
    - 0.230435
    - 0.892445
    - 0.337584
    - 0.999275
    geometry: 93ed89e14135bddd
  wall_brace_l:
    rect:
    - 0.79262
    - 0.715259
    - 0.92273
    - 0.845367
    geometry: 0074e14c518cf418
  wall_head_plate:
    rect:
    - 0.63187
    - 0.498732
    - 0.829116
    - 0.695714
    geometry: c211cae4ad4c0357
  wall_head_rail:
    rect:
    - 0.216698
    - 0.498732
    - 0.418213
    - 0.700087
    geometry: 574f4b8432a4f8d1
  wall_infill:
    rect:
    - 0.0
    - 0.0
    - 0.490855
    - 0.49092
    geometry: 1d7c96cf0a0b7bea
  wall_sill_plate:
    rect:
    - 0.0
    - 0.498732
    - 0.208885
    - 0.707447
    geometry: 400a569ae190fdbf
  wall_sill_rail:
    rect:
    - 0.426025
    - 0.498732
    - 0.624058
    - 0.696593
    geometry: a17010ed11006b38
  wall_stud_0:
    rect:
    - 0.498668
    - 0.0
    - 0.713083
    - 0.214154
    geometry: 993b74e905a152a4
  wall_stud_1:
    rect:
    - 0.720895
    - 0.0
    - 0.935309
    - 0.214153
    geometry: 584d63ffc5f1fdc8
  window_glass:
    rect:
    - 0.0
    - 0.715259
    - 0.169309
    - 0.884633
    geometry: 0ba2f00215fe3dec
  window_head:
    rect:
    - 0.6496
    - 0.715259
    - 0.784808
    - 0.850488
    geometry: 01d5dd3a8362b5b4
  window_jamb_left:
    rect:
    - 0.347449
    - 0.715259
    - 0.490713
    - 0.858493
    geometry: cba46fc80a9f088a
  window_jamb_right:
    rect:
    - 0.498525
    - 0.715259
    - 0.641788
    - 0.858492
    geometry: abdcd1ca82c205d0
  window_mullion_h:
    rect:
    - 0.460357
    - 0.892445
    - 0.551836
    - 0.983974
    geometry: 44112425e99e8165
  window_mullion_v:
    rect:
    - 0.0
    - 0.892445
    - 0.107662
    - 1.0
    geometry: 169b7b89fd23494c
  window_sill:
    rect:
    - 0.177122
    - 0.715259
    - 0.339637
    - 0.877765
    geometry: 60dda911ad21a503
