# Generated by `sw uv lock`. Commit it: keeps each part's UV region fixed across edits.
# Re-run after adding/removing parts. See docs/UV.md.
version: 1
resolution: 512
padding_px: 4
owners:
  bail:
    rect:
    - 0.583726
    - 0.706646
    - 0.755813
    - 0.878247
    geometry: a5ac75eaee309b4a
  body:
    rect:
    - 0.0
    - 0.0
    - 0.698803
    - 0.698833
    geometry: 46856f98b90ef110
  ear*:
    rect:
    - 0.763625
    - 0.706646
    - 0.875604
    - 0.818481
    geometry: 466708e0f542e32c
  hoop_high:
    rect:
    - 0.0
    - 0.706646
    - 0.293605
    - 1.0
    geometry: cec51f1e1e999fa8
  hoop_low:
    rect:
    - 0.301418
    - 0.706646
    - 0.575914
    - 0.981348
    geometry: ab7748ee9659b251
