# Generated by `sw uv lock`. Commit it: keeps each part's UV region fixed across edits.
# Re-run after adding/removing parts. See docs/UV.md.
version: 1
resolution: 1024
padding_px: 8
owners:
  footing_course_high:
    rect:
    - 0.0
    - 0.0
    - 0.563078
    - 0.563085
    geometry: 4e21051b4ae01526
  footing_course_low_0:
    rect:
    - 0.335938
    - 0.570897
    - 0.664063
    - 0.899008
    geometry: 3c2b6971765047c3
  footing_course_low_1:
    rect:
    - 0.0
    - 0.570897
    - 0.328125
    - 0.899008
    geometry: ca33d32ca38c38eb
  footing_course_low_2:
    rect:
    - 0.671875
    - 0.570897
    - 1.0
    - 0.899008
    geometry: 1c7b78e34930aa76
  footing_mortar:
    rect:
    - 0.570891
    - 0.0
    - 0.938227
    - 0.367038
    geometry: a652dac31eb097cf
