# Generated by `sw uv lock`. Commit it: keeps each part's UV region fixed across edits.
# Re-run after adding/removing parts. See docs/UV.md.
version: 1
resolution: 2048
padding_px: 8
owners:
  basin*:
    rect:
    - 0.0
    - 0.369742
    - 0.310842
    - 0.680582
    geometry: 0f6b1f3177963f30
  basin_water*:
    rect:
    - 0.592455
    - 0.369742
    - 0.846158
    - 0.623414
    geometry: aad481e1e33e3728
  bed*:
    rect:
    - 0.314748
    - 0.369742
    - 0.588548
    - 0.643534
    geometry: 32e89b3315a335aa
  bowl1*:
    rect:
    - 0.0
    - 0.684488
    - 0.215265
    - 0.899751
    geometry: a9d94e4b41e35ab1
  bowl1_gadroon*:
    rect:
    - 0.64073
    - 0.903657
    - 0.692081
    - 0.954965
    geometry: bda4fee25c522df0
  bowl1_lip*:
    rect:
    - 0.695988
    - 0.903657
    - 0.735335
    - 0.942996
    geometry: 4d7ccd5e4b728a4e
  bowl1_stream*:
    rect:
    - 0.0
    - 0.903657
    - 0.096481
    - 1.0
    geometry: ef5aced9213b818f
  bowl1_water*:
    rect:
    - 0.386323
    - 0.684488
    - 0.534998
    - 0.833143
    geometry: 019119c4f3fc5bdc
  bowl2*:
    rect:
    - 0.538905
    - 0.684488
    - 0.676858
    - 0.822434
    geometry: e485fcd1a3a49917
  bowl2_lip*:
    rect:
    - 0.739241
    - 0.903657
    - 0.768003
    - 0.932411
    geometry: a732d96956d94df2
  bowl2_stream*:
    rect:
    - 0.526884
    - 0.903657
    - 0.580535
    - 0.957211
    geometry: 1d4634f8e0e1bc81
  bowl2_water*:
    rect:
    - 0.100387
    - 0.903657
    - 0.193133
    - 0.996424
    geometry: 75ba6898a02b0aee
  cobble_a*:
    rect:
    - 0.342032
    - 0.903657
    - 0.400518
    - 0.962147
    geometry: b954c10c307cf2e3
  cobble_b*:
    rect:
    - 0.404424
    - 0.903657
    - 0.462649
    - 0.961882
    geometry: f85a663069cbb4ef
  cobble_c*:
    rect:
    - 0.27795
    - 0.903657
    - 0.338126
    - 0.963818
    geometry: 49b069f3133485c3
  column:
    rect:
    - 0.0
    - 0.0
    - 0.365843
    - 0.365836
    geometry: a0cc6f7da59bfa0a
  column_leaf*:
    rect:
    - 0.584441
    - 0.903657
    - 0.636824
    - 0.956046
    geometry: f6c2d81386fc3635
  curb*:
    rect:
    - 0.197039
    - 0.903657
    - 0.274043
    - 0.980663
    geometry: fee68dd0837e708f
  finial:
    rect:
    - 0.817874
    - 0.684488
    - 0.928917
    - 0.795522
    geometry: 225420251a7861de
  plinth*:
    rect:
    - 0.369749
    - 0.0
    - 0.721321
    - 0.351572
    geometry: 2f65c33ad8f79892
  rim_egg*:
    rect:
    - 0.771909
    - 0.903657
    - 0.792769
    - 0.924529
    geometry: 18638971a89103ba
  spout*:
    rect:
    - 0.680764
    - 0.684488
    - 0.813968
    - 0.817691
    geometry: 81b8dace22fe7e8b
  spout_stream*:
    rect:
    - 0.466556
    - 0.903657
    - 0.522978
    - 0.959967
    geometry: 04e60e7deae10aed
  stem:
    rect:
    - 0.219171
    - 0.684488
    - 0.382416
    - 0.847734
    geometry: 8a20fef94d5d7bbe
