# Generated by `sw uv lock`. Commit it: keeps each part's UV region fixed across edits.
# Re-run after adding/removing parts. See docs/UV.md.
version: 1
resolution: 1024
padding_px: 8
owners:
  slope_deck:
    rect:
    - 0.0
    - 0.0
    - 0.506657
    - 0.506645
    geometry: a31c3dd4fc6c7f4e
  slope_fascia_board:
    rect:
    - 0.424866
    - 0.514458
    - 0.567576
    - 0.656903
    geometry: b317827071130150
  slope_rafter_tail_0:
    rect:
    - 0.683495
    - 0.514458
    - 0.783789
    - 0.614608
    geometry: b276fccd8d0209ba
  slope_rafter_tail_1:
    rect:
    - 0.791601
    - 0.514458
    - 0.891894
    - 0.614607
    geometry: e29ecf4f14cc432a
  slope_rafter_tail_2:
    rect:
    - 0.899707
    - 0.514458
    - 1.0
    - 0.614607
    geometry: 32b4fbdf68a6fd70
  slope_rafter_tail_3:
    rect:
    - 0.575388
    - 0.514458
    - 0.675682
    - 0.614608
    geometry: 90d44ee56755c96c
  slope_shingles_even:
    rect:
    - 0.514469
    - 0.0
    - 0.935361
    - 0.420892
    geometry: eefc472ec3d55fdb
  slope_shingles_odd:
    rect:
    - 0.0
    - 0.514458
    - 0.417053
    - 0.931516
    geometry: 4635511bf9a7f994
