# Generated by `sw uv lock`. Commit it: keeps each part's UV region fixed across edits.
# Re-run after adding/removing parts. See docs/UV.md.
version: 1
resolution: 1024
padding_px: 8
owners:
  shutter_left_batten_left:
    rect:
    - 0.555809
    - 0.880062
    - 0.631312
    - 0.955654
    geometry: b2e26f6b247294e6
  shutter_left_batten_right:
    rect:
    - 0.722438
    - 0.880062
    - 0.797509
    - 0.955208
    geometry: eeeb718c5dc91df0
  shutter_left_plank_0:
    rect:
    - 0.841681
    - 0.710783
    - 0.948145
    - 0.81693
    geometry: 544c83e38b2d2782
  shutter_left_plank_1:
    rect:
    - 0.0
    - 0.880062
    - 0.106464
    - 0.986208
    geometry: d93caedbd37ce60a
  shutter_left_plank_2:
    rect:
    - 0.727405
    - 0.710783
    - 0.833869
    - 0.81693
    geometry: c94263461a3a7248
  shutter_right_batten_left:
    rect:
    - 0.639124
    - 0.880062
    - 0.714626
    - 0.955652
    geometry: a5a32667d8a7bfef
  shutter_right_batten_right:
    rect:
    - 0.805321
    - 0.880062
    - 0.880391
    - 0.955208
    geometry: 83f3e7cdfea1c046
  shutter_right_plank_0:
    rect:
    - 0.342827
    - 0.880062
    - 0.44929
    - 0.986208
    geometry: d05ba0b7bb9b0f22
  shutter_right_plank_1:
    rect:
    - 0.228552
    - 0.880062
    - 0.335015
    - 0.986208
    geometry: 6be980b129e5a104
  shutter_right_plank_2:
    rect:
    - 0.114276
    - 0.880062
    - 0.220739
    - 0.986208
    geometry: 7dc8093888562052
  wall_head_plate:
    rect:
    - 0.627978
    - 0.495592
    - 0.823961
    - 0.691313
    geometry: c211cae4ad4c0357
  wall_head_rail:
    rect:
    - 0.215362
    - 0.495592
    - 0.415587
    - 0.695658
    geometry: 574f4b8432a4f8d1
  wall_infill:
    rect:
    - 0.0
    - 0.0
    - 0.487715
    - 0.487779
    geometry: e96d18165a139a29
  wall_sill_plate:
    rect:
    - 0.0
    - 0.495592
    - 0.207549
    - 0.702971
    geometry: 400a569ae190fdbf
  wall_sill_rail:
    rect:
    - 0.4234
    - 0.495592
    - 0.620165
    - 0.692186
    geometry: a17010ed11006b38
  wall_stud_0:
    rect:
    - 0.495528
    - 0.0
    - 0.708569
    - 0.212783
    geometry: 1cfce2866ed4b445
  wall_stud_1:
    rect:
    - 0.716382
    - 0.0
    - 0.929423
    - 0.212783
    geometry: c26cd116cdec3d57
  window_glass:
    rect:
    - 0.831774
    - 0.495592
    - 1.0
    - 0.663881
    geometry: f3743582c8530c8e
  window_head:
    rect:
    - 0.469606
    - 0.710783
    - 0.603948
    - 0.845147
    geometry: 6cd68bf1bad17a96
  window_jamb_left:
    rect:
    - 0.169288
    - 0.710783
    - 0.311635
    - 0.853101
    geometry: e03cc7b8cba75d34
  window_jamb_right:
    rect:
    - 0.319447
    - 0.710783
    - 0.461793
    - 0.853099
    geometry: db1269afcc864c69
  window_mullion_h:
    rect:
    - 0.457103
    - 0.880062
    - 0.547996
    - 0.971005
    geometry: 11e7ef9cbb08c431
  window_mullion_v:
    rect:
    - 0.611761
    - 0.710783
    - 0.719592
    - 0.818496
    geometry: 28a00b715290c105
  window_sill:
    rect:
    - 0.0
    - 0.710783
    - 0.161475
    - 0.872249
    geometry: 97ffcfae872cbd6a
