# Generated by `sw uv lock`. Commit it: keeps each part's UV region fixed across edits.
# Re-run after adding/removing parts. See docs/UV.md.
version: 1
resolution: 1024
padding_px: 8
owners:
  wall_brace_a:
    rect:
    - 0.597303
    - 0.0
    - 1.0
    - 0.402347
    geometry: 1026b413e32f38b0
  wall_brace_b:
    rect:
    - 0.0
    - 0.597166
    - 0.396487
    - 0.993095
    geometry: 2924f15dd10539f7
  wall_head_plate:
    rect:
    - 0.641666
    - 0.597166
    - 0.867899
    - 0.823377
    geometry: 20ee65f8a69778bb
  wall_infill_solid:
    rect:
    - 0.0
    - 0.0
    - 0.58949
    - 0.589353
    geometry: 941b7cd1f0f974ae
  wall_sill_plate:
    rect:
    - 0.404299
    - 0.597166
    - 0.633854
    - 0.826731
    geometry: 641bdc5a527bb1a2
