# Generated by `sw uv lock`. Commit it: keeps each part's UV region fixed across edits.
# Re-run after adding/removing parts. See docs/UV.md.
version: 1
resolution: 512
padding_px: 4
owners:
  axle:
    rect:
    - 0.230939
    - 0.773358
    - 0.384406
    - 0.927448
    geometry: 8629308cbd5daea0
  bearing*:
    rect:
    - 0.757955
    - 0.773358
    - 0.857175
    - 0.872855
    geometry: 925c12acfc6f5101
  collar_left:
    rect:
    - 0.645248
    - 0.773358
    - 0.750142
    - 0.878148
    geometry: 1ffe2e89c5c168e1
  collar_right:
    rect:
    - 0.529838
    - 0.773358
    - 0.637436
    - 0.880811
    geometry: 727999e343fc7bc3
  crank:
    rect:
    - 0.392218
    - 0.773358
    - 0.522025
    - 0.903028
    geometry: 8c5db1118499947a
  grip:
    rect:
    - 0.864987
    - 0.773358
    - 0.95688
    - 0.865004
    geometry: 1308c1a7fd4307b7
  leg*:
    rect:
    - 0.526392
    - 0.51041
    - 0.76843
    - 0.752038
    geometry: fe219565478521ff
  rail_left:
    rect:
    - 0.0
    - 0.51041
    - 0.255666
    - 0.765546
    geometry: 95adb4af3bf2c237
  rail_right:
    rect:
    - 0.263478
    - 0.51041
    - 0.51858
    - 0.764978
    geometry: 115e51eee249ce17
  stretcher_left:
    rect:
    - 0.776242
    - 0.51041
    - 1.0
    - 0.733446
    geometry: 61111d1607042259
  stretcher_right:
    rect:
    - 0.0
    - 0.773358
    - 0.223127
    - 0.995759
    geometry: d131e3b5c68ef82a
  trough:
    rect:
    - 0.0
    - 0.0
    - 0.502617
    - 0.502597
    geometry: 39e3ec5903abd03f
  wheel:
    rect:
    - 0.510429
    - 0.0
    - 0.961757
    - 0.451114
    geometry: ec86d67a01129960
